// !$*UTF8*$!
{
	archiveVersion = 1;
	classes = {
	};
	objectVersion = 46;
	objects = {

/* Begin PBXBuildFile section */
		7903F1AD160E3AB7000D3F3D /* WCSymbolScanner.m in Sources */ = {isa = PBXBuildFile; fileRef = 7903F1AC160E3AB7000D3F3D /* WCSymbolScanner.m */; };
		7903F1B1160E3D62000D3F3D /* WCScanSymbolsOperation.m in Sources */ = {isa = PBXBuildFile; fileRef = 7903F1B0160E3D62000D3F3D /* WCScanSymbolsOperation.m */; };
		7903F1B8160E5FB5000D3F3D /* Symbols.xcdatamodeld in Sources */ = {isa = PBXBuildFile; fileRef = 7903F1B6160E5FB5000D3F3D /* Symbols.xcdatamodeld */; };
		7903F1CA160E6BB9000D3F3D /* Define.m in Sources */ = {isa = PBXBuildFile; fileRef = 7903F1C9160E6BB9000D3F3D /* Define.m */; };
		7903F1D0160E6BB9000D3F3D /* Equate.m in Sources */ = {isa = PBXBuildFile; fileRef = 7903F1CF160E6BB9000D3F3D /* Equate.m */; };
		7903F1D3160E6BB9000D3F3D /* Label.m in Sources */ = {isa = PBXBuildFile; fileRef = 7903F1D2160E6BB9000D3F3D /* Label.m */; };
		7903F1D7160E7F74000D3F3D /* NSString+WCExtensions.m in Sources */ = {isa = PBXBuildFile; fileRef = 7903F1D6160E7F74000D3F3D /* NSString+WCExtensions.m */; };
		7903F1DD160EB4C9000D3F3D /* WCJumpBarControl.m in Sources */ = {isa = PBXBuildFile; fileRef = 7903F1DC160EB4C9000D3F3D /* WCJumpBarControl.m */; };
		7903F1E0160EB797000D3F3D /* WCJumpBarCell.m in Sources */ = {isa = PBXBuildFile; fileRef = 7903F1DF160EB797000D3F3D /* WCJumpBarCell.m */; };
		7903F1E3160EB89A000D3F3D /* WCJumpBarComponentCell.m in Sources */ = {isa = PBXBuildFile; fileRef = 7903F1E2160EB89A000D3F3D /* WCJumpBarComponentCell.m */; };
		7903F1EA160EBF3B000D3F3D /* GCJumpBarAccessorySeparator.png in Resources */ = {isa = PBXBuildFile; fileRef = 7903F1E6160EBF3B000D3F3D /* GCJumpBarAccessorySeparator.png */; };
		7903F1EC160EBF3B000D3F3D /* GCJumpBarSeparator.png in Resources */ = {isa = PBXBuildFile; fileRef = 7903F1E8160EBF3B000D3F3D /* GCJumpBarSeparator.png */; };
		7903F1F3160F735D000D3F3D /* WCJumpBarBackgroundView.m in Sources */ = {isa = PBXBuildFile; fileRef = 7903F1F2160F735D000D3F3D /* WCJumpBarBackgroundView.m */; };
		7903F1F6160FAE08000D3F3D /* WCSymbolImageManager.m in Sources */ = {isa = PBXBuildFile; fileRef = 7903F1F5160FAE07000D3F3D /* WCSymbolImageManager.m */; };
		7903F1FA160FB323000D3F3D /* NSBezierPath+StrokeExtensions.m in Sources */ = {isa = PBXBuildFile; fileRef = 7903F1F9160FB2C3000D3F3D /* NSBezierPath+StrokeExtensions.m */; };
		7903F1FE160FB810000D3F3D /* Macro.m in Sources */ = {isa = PBXBuildFile; fileRef = 7903F1FD160FB810000D3F3D /* Macro.m */; };
		7903F207160FDE9E000D3F3D /* WCArgumentPlaceholderCell.m in Sources */ = {isa = PBXBuildFile; fileRef = 7903F206160FDE9D000D3F3D /* WCArgumentPlaceholderCell.m */; };
		79129113160AB1C200ADFAB5 /* NSParagraphStyle+WCExtensions.m in Sources */ = {isa = PBXBuildFile; fileRef = 79129112160AB1C200ADFAB5 /* NSParagraphStyle+WCExtensions.m */; };
		7912911A160ABD5100ADFAB5 /* WCTextView.m in Sources */ = {isa = PBXBuildFile; fileRef = 79129119160ABD5100ADFAB5 /* WCTextView.m */; };
		79390160163B673100168CD5 /* WCProjectDocument.m in Sources */ = {isa = PBXBuildFile; fileRef = 7939015E163B673100168CD5 /* WCProjectDocument.m */; };
		793D23021613DB4300742605 /* GCJumpBarAccessorySeparator@2x.png in Resources */ = {isa = PBXBuildFile; fileRef = 793D23011613DB4300742605 /* GCJumpBarAccessorySeparator@2x.png */; };
		793D23041613DB4700742605 /* GCJumpBarSeparator@2x.png in Resources */ = {isa = PBXBuildFile; fileRef = 793D23031613DB4700742605 /* GCJumpBarSeparator@2x.png */; };
		793D23071613E2C000742605 /* NSURL+WCExtensions.m in Sources */ = {isa = PBXBuildFile; fileRef = 793D23061613E2C000742605 /* NSURL+WCExtensions.m */; };
		793D2364161511C700742605 /* WCSourceFileWindowController.m in Sources */ = {isa = PBXBuildFile; fileRef = 793D2363161511C700742605 /* WCSourceFileWindowController.m */; };
		793D236A161554BD00742605 /* WCTextStorage.m in Sources */ = {isa = PBXBuildFile; fileRef = 793D2369161554BB00742605 /* WCTextStorage.m */; };
		793D236D161557D100742605 /* WCLayoutManager.m in Sources */ = {isa = PBXBuildFile; fileRef = 793D236C161557D100742605 /* WCLayoutManager.m */; };
		793D23701615584F00742605 /* WCTypesetter.m in Sources */ = {isa = PBXBuildFile; fileRef = 793D236F1615584D00742605 /* WCTypesetter.m */; };
		793D23731615597B00742605 /* WCGlyphGenerator.m in Sources */ = {isa = PBXBuildFile; fileRef = 793D23721615597A00742605 /* WCGlyphGenerator.m */; };
		793D237616155C4200742605 /* WCFoldCell.m in Sources */ = {isa = PBXBuildFile; fileRef = 793D237516155C4000742605 /* WCFoldCell.m */; };
		794843891629CC5E007903BE /* Completions.json in Resources */ = {isa = PBXBuildFile; fileRef = 794843881629CC5E007903BE /* Completions.json */; };
		794843901629E142007903BE /* WCCompletionsImageManager.m in Sources */ = {isa = PBXBuildFile; fileRef = 7948438F1629E142007903BE /* WCCompletionsImageManager.m */; };
		794843991629F8FD007903BE /* _Completion.m in Sources */ = {isa = PBXBuildFile; fileRef = 794843921629F8FD007903BE /* _Completion.m */; };
		7948439A1629F8FD007903BE /* _Placeholder.m in Sources */ = {isa = PBXBuildFile; fileRef = 794843941629F8FD007903BE /* _Placeholder.m */; };
		7948439B1629F8FD007903BE /* Completion.m in Sources */ = {isa = PBXBuildFile; fileRef = 794843961629F8FD007903BE /* Completion.m */; };
		7948439C1629F8FD007903BE /* Placeholder.m in Sources */ = {isa = PBXBuildFile; fileRef = 794843981629F8FD007903BE /* Placeholder.m */; };
		7948439F162A0B57007903BE /* NSAttributedString+WCExtensions.m in Sources */ = {isa = PBXBuildFile; fileRef = 7948439E162A0B57007903BE /* NSAttributedString+WCExtensions.m */; };
		79593663161637A80085355E /* WCFoldScanner.m in Sources */ = {isa = PBXBuildFile; fileRef = 79593662161637A80085355E /* WCFoldScanner.m */; };
		79593666161638390085355E /* WCScanFoldsOperation.m in Sources */ = {isa = PBXBuildFile; fileRef = 79593665161638390085355E /* WCScanFoldsOperation.m */; };
		795936691616384B0085355E /* Folds.xcdatamodeld in Sources */ = {isa = PBXBuildFile; fileRef = 795936671616384B0085355E /* Folds.xcdatamodeld */; };
		7959366D161639720085355E /* Fold.m in Sources */ = {isa = PBXBuildFile; fileRef = 7959366C161639720085355E /* Fold.m */; };
		7959367016163F2B0085355E /* WCFoldMarker.m in Sources */ = {isa = PBXBuildFile; fileRef = 7959366F16163F2B0085355E /* WCFoldMarker.m */; };
		795F5B5B1637717400C70449 /* WCDocumentController.m in Sources */ = {isa = PBXBuildFile; fileRef = 795F5B5A1637717400C70449 /* WCDocumentController.m */; };
		7962BD99161FD689006D5A7A /* NSEvent+WCExtensions.m in Sources */ = {isa = PBXBuildFile; fileRef = 7962BD98161FD689006D5A7A /* NSEvent+WCExtensions.m */; };
		7962BD9D161FDD3E006D5A7A /* WCWindow.m in Sources */ = {isa = PBXBuildFile; fileRef = 7962BD9C161FDD3E006D5A7A /* WCWindow.m */; };
		7962BDA81620A5A8006D5A7A /* WCMenuController.m in Sources */ = {isa = PBXBuildFile; fileRef = 7962BDA71620A5A8006D5A7A /* WCMenuController.m */; };
		7962BDAB1620C13C006D5A7A /* WCHUDStatusWindow.m in Sources */ = {isa = PBXBuildFile; fileRef = 7962BDAA1620C13C006D5A7A /* WCHUDStatusWindow.m */; };
		7962BDAE1620C4F8006D5A7A /* WCHUDStatusContentView.m in Sources */ = {isa = PBXBuildFile; fileRef = 7962BDAD1620C4F8006D5A7A /* WCHUDStatusContentView.m */; };
		7962BDB11620D838006D5A7A /* FindWrapIndicator.tiff in Resources */ = {isa = PBXBuildFile; fileRef = 7962BDAF1620D838006D5A7A /* FindWrapIndicator.tiff */; };
		7962BDB21620D838006D5A7A /* FindWrapIndicatorReverse.tiff in Resources */ = {isa = PBXBuildFile; fileRef = 7962BDB01620D838006D5A7A /* FindWrapIndicatorReverse.tiff */; };
		7962BDBB162123D8006D5A7A /* WCExtendedAttributesManager.m in Sources */ = {isa = PBXBuildFile; fileRef = 7962BDBA162123D7006D5A7A /* WCExtendedAttributesManager.m */; };
		7962BDCD16215194006D5A7A /* Cocoa.framework in Frameworks */ = {isa = PBXBuildFile; fileRef = 79968CA91608DB7A00F139BC /* Cocoa.framework */; };
		7962BDD316215194006D5A7A /* InfoPlist.strings in Resources */ = {isa = PBXBuildFile; fileRef = 7962BDD116215194006D5A7A /* InfoPlist.strings */; };
		7962BDD516215194006D5A7A /* main.m in Sources */ = {isa = PBXBuildFile; fileRef = 7962BDD416215194006D5A7A /* main.m */; };
		7962BDD916215194006D5A7A /* Credits.rtf in Resources */ = {isa = PBXBuildFile; fileRef = 7962BDD716215194006D5A7A /* Credits.rtf */; };
		7962BDDC16215194006D5A7A /* WEDocument.m in Sources */ = {isa = PBXBuildFile; fileRef = 7962BDDB16215194006D5A7A /* WEDocument.m */; };
		7962BDDF16215194006D5A7A /* WEDocument.xib in Resources */ = {isa = PBXBuildFile; fileRef = 7962BDDD16215194006D5A7A /* WEDocument.xib */; };
		7962BDE216215195006D5A7A /* WEMainMenu.xib in Resources */ = {isa = PBXBuildFile; fileRef = 7962BDE016215195006D5A7A /* WEMainMenu.xib */; };
		7962BDEB16220042006D5A7A /* NSView+WCExtensions.m in Sources */ = {isa = PBXBuildFile; fileRef = 7962BDEA16220042006D5A7A /* NSView+WCExtensions.m */; };
		7962BDEE162207C7006D5A7A /* NSObject+WCExtensions.m in Sources */ = {isa = PBXBuildFile; fileRef = 7962BDED162207C7006D5A7A /* NSObject+WCExtensions.m */; };
		7962BDF216221899006D5A7A /* assembly.icns in Resources */ = {isa = PBXBuildFile; fileRef = 7962BDEF16221899006D5A7A /* assembly.icns */; };
		7962BDF316221899006D5A7A /* include.icns in Resources */ = {isa = PBXBuildFile; fileRef = 7962BDF016221899006D5A7A /* include.icns */; };
		7962BDF416221899006D5A7A /* project.icns in Resources */ = {isa = PBXBuildFile; fileRef = 7962BDF116221899006D5A7A /* project.icns */; };
		7962BDF816224485006D5A7A /* WCTransparentButtonCell.m in Sources */ = {isa = PBXBuildFile; fileRef = 7962BDF716224485006D5A7A /* WCTransparentButtonCell.m */; };
		7962BE0116225E9E006D5A7A /* WCJumpInWindowController.m in Sources */ = {isa = PBXBuildFile; fileRef = 7962BE0016225E9E006D5A7A /* WCJumpInWindowController.m */; };
		7962BE0416225FB1006D5A7A /* WCJumpInWindow.xib in Resources */ = {isa = PBXBuildFile; fileRef = 7962BE0216225FB1006D5A7A /* WCJumpInWindow.xib */; };
		7962BE071622627D006D5A7A /* WCSearchFieldBackgroundView.m in Sources */ = {isa = PBXBuildFile; fileRef = 7962BE061622627C006D5A7A /* WCSearchFieldBackgroundView.m */; };
		7962BE0A16226D3B006D5A7A /* WCJumpInCellView.m in Sources */ = {isa = PBXBuildFile; fileRef = 7962BE0916226D3A006D5A7A /* WCJumpInCellView.m */; };
		7973D6D4160CF7F4004EDE62 /* WCViewController.m in Sources */ = {isa = PBXBuildFile; fileRef = 7973D6D3160CF7F4004EDE62 /* WCViewController.m */; };
		7973D6D8160CF83A004EDE62 /* WCTextViewController.m in Sources */ = {isa = PBXBuildFile; fileRef = 7973D6D7160CF83A004EDE62 /* WCTextViewController.m */; };
		7973D6DB160CF8DF004EDE62 /* WCTextView.xib in Resources */ = {isa = PBXBuildFile; fileRef = 7973D6D9160CF8DF004EDE62 /* WCTextView.xib */; };
		7973D6DE160CFC7B004EDE62 /* NSTextView+WCExtensions.m in Sources */ = {isa = PBXBuildFile; fileRef = 7973D6DD160CFC7B004EDE62 /* NSTextView+WCExtensions.m */; };
		7973D6E1160CFD57004EDE62 /* WCSyntaxHighlighter.m in Sources */ = {isa = PBXBuildFile; fileRef = 7973D6E0160CFD57004EDE62 /* WCSyntaxHighlighter.m */; };
		7973D6E4160D2274004EDE62 /* WCToolTipWindow.m in Sources */ = {isa = PBXBuildFile; fileRef = 7973D6E3160D2274004EDE62 /* WCToolTipWindow.m */; };
		797E92FC1631B6EC00F7851A /* NSImage+WCExtensions.m in Sources */ = {isa = PBXBuildFile; fileRef = 797E92FB1631B6EB00F7851A /* NSImage+WCExtensions.m */; };
		79968CAA1608DB7A00F139BC /* Cocoa.framework in Frameworks */ = {isa = PBXBuildFile; fileRef = 79968CA91608DB7A00F139BC /* Cocoa.framework */; };
		79968CB41608DB7A00F139BC /* InfoPlist.strings in Resources */ = {isa = PBXBuildFile; fileRef = 79968CB21608DB7A00F139BC /* InfoPlist.strings */; };
		79968CB61608DB7A00F139BC /* main.m in Sources */ = {isa = PBXBuildFile; fileRef = 79968CB51608DB7A00F139BC /* main.m */; };
		79968CBA1608DB7A00F139BC /* Credits.rtf in Resources */ = {isa = PBXBuildFile; fileRef = 79968CB81608DB7A00F139BC /* Credits.rtf */; };
		79968CBD1608DB7A00F139BC /* WCSourceFileDocument.m in Sources */ = {isa = PBXBuildFile; fileRef = 79968CBC1608DB7A00F139BC /* WCSourceFileDocument.m */; };
		79968CC01608DB7A00F139BC /* WCSourceFileWindow.xib in Resources */ = {isa = PBXBuildFile; fileRef = 79968CBE1608DB7A00F139BC /* WCSourceFileWindow.xib */; };
		79968CC31608DB7A00F139BC /* WCMainMenu.xib in Resources */ = {isa = PBXBuildFile; fileRef = 79968CC11608DB7A00F139BC /* WCMainMenu.xib */; };
		79968CCE1608E05F00F139BC /* WCAppDelegate.m in Sources */ = {isa = PBXBuildFile; fileRef = 79968CCD1608E05F00F139BC /* WCAppDelegate.m */; };
		79968CD71608E91100F139BC /* WCLineNumberView.m in Sources */ = {isa = PBXBuildFile; fileRef = 79968CD61608E91100F139BC /* WCLineNumberView.m */; };
		79968CDC1608E97400F139BC /* NSColor+WCExtensions.m in Sources */ = {isa = PBXBuildFile; fileRef = 79968CDB1608E97400F139BC /* NSColor+WCExtensions.m */; };
		79968CEF1608FB6500F139BC /* NSArray+WCExtensions.m in Sources */ = {isa = PBXBuildFile; fileRef = 79968CEE1608FB6500F139BC /* NSArray+WCExtensions.m */; };
		79A87C25161DF3BA00C1A568 /* Completions.xcdatamodeld in Sources */ = {isa = PBXBuildFile; fileRef = 79A87C23161DF3BA00C1A568 /* Completions.xcdatamodeld */; };
		79C92CCA1610AE3D00BB6CDC /* WCCompletionWindow.m in Sources */ = {isa = PBXBuildFile; fileRef = 79C92CC91610AE3D00BB6CDC /* WCCompletionWindow.m */; };
		79C92CD81610E9C800BB6CDC /* QuartzCore.framework in Frameworks */ = {isa = PBXBuildFile; fileRef = 79C92CD71610E9C800BB6CDC /* QuartzCore.framework */; };
		79C92CEA1611136900BB6CDC /* File.m in Sources */ = {isa = PBXBuildFile; fileRef = 79C92CE91611136900BB6CDC /* File.m */; };
		79C92CED1611136A00BB6CDC /* Symbol.m in Sources */ = {isa = PBXBuildFile; fileRef = 79C92CEC1611136A00BB6CDC /* Symbol.m */; };
		79C92CF0161144B600BB6CDC /* WCTableView.m in Sources */ = {isa = PBXBuildFile; fileRef = 79C92CEF161144B600BB6CDC /* WCTableView.m */; };
		79C92CF316114A1300BB6CDC /* WCCompletionItem.m in Sources */ = {isa = PBXBuildFile; fileRef = 79C92CF216114A1300BB6CDC /* WCCompletionItem.m */; };
		79DE43461638C09E003D56EA /* Projects.xcdatamodeld in Sources */ = {isa = PBXBuildFile; fileRef = 79DE43441638C09E003D56EA /* Projects.xcdatamodeld */; };
		79DF87AC162A8C8200818741 /* MASPreferencesWindow.xib in Resources */ = {isa = PBXBuildFile; fileRef = 79DF87A9162A8C8200818741 /* MASPreferencesWindow.xib */; };
		79DF87AD162A8C8200818741 /* MASPreferencesWindow.xib in Resources */ = {isa = PBXBuildFile; fileRef = 79DF87A9162A8C8200818741 /* MASPreferencesWindow.xib */; };
		79DF87AE162A8C8200818741 /* MASPreferencesWindowController.m in Sources */ = {isa = PBXBuildFile; fileRef = 79DF87AB162A8C8200818741 /* MASPreferencesWindowController.m */; settings = {COMPILER_FLAGS = "-fno-objc-arc"; }; };
		79DF87AF162A8C8200818741 /* MASPreferencesWindowController.m in Sources */ = {isa = PBXBuildFile; fileRef = 79DF87AB162A8C8200818741 /* MASPreferencesWindowController.m */; };
		79DF87B2162A8CCF00818741 /* WCPreferencesWindowController.m in Sources */ = {isa = PBXBuildFile; fileRef = 79DF87B1162A8CCF00818741 /* WCPreferencesWindowController.m */; };
		79DF87B5162A8D0C00818741 /* WCGeneralViewController.m in Sources */ = {isa = PBXBuildFile; fileRef = 79DF87B4162A8D0C00818741 /* WCGeneralViewController.m */; };
		79DF87B8162A8D3000818741 /* WCTextEditingViewController.m in Sources */ = {isa = PBXBuildFile; fileRef = 79DF87B7162A8D3000818741 /* WCTextEditingViewController.m */; };
		79DF87BB162A8E1A00818741 /* WCGeneralView.xib in Resources */ = {isa = PBXBuildFile; fileRef = 79DF87B9162A8E1A00818741 /* WCGeneralView.xib */; };
		79DF87BD162A8E9D00818741 /* Text Editing.png in Resources */ = {isa = PBXBuildFile; fileRef = 79DF87BC162A8E9D00818741 /* Text Editing.png */; };
		79DF87C0162A8ED100818741 /* WCTextEditingView.xib in Resources */ = {isa = PBXBuildFile; fileRef = 79DF87BE162A8ED100818741 /* WCTextEditingView.xib */; };
		79DF87C2162B52A900818741 /* Fonts & Colors.png in Resources */ = {isa = PBXBuildFile; fileRef = 79DF87C1162B52A900818741 /* Fonts & Colors.png */; };
		79DF87C5162B52C300818741 /* WCFontsAndColorsViewController.m in Sources */ = {isa = PBXBuildFile; fileRef = 79DF87C4162B52C200818741 /* WCFontsAndColorsViewController.m */; };
		79DF87C8162B52F400818741 /* WCFontsAndColorsView.xib in Resources */ = {isa = PBXBuildFile; fileRef = 79DF87C6162B52F400818741 /* WCFontsAndColorsView.xib */; };
		79FC76A61618029F006B9DC3 /* WCFoldView.m in Sources */ = {isa = PBXBuildFile; fileRef = 79FC76A51618029F006B9DC3 /* WCFoldView.m */; };
		79FDAE711633173900FC9CF3 /* NSUserDefaults+WCExtensions.m in Sources */ = {isa = PBXBuildFile; fileRef = 79FDAE701633173900FC9CF3 /* NSUserDefaults+WCExtensions.m */; };
		79FE360E161945B400DB7C6D /* WCSymbolHighlighter.m in Sources */ = {isa = PBXBuildFile; fileRef = 79FE360D161945B400DB7C6D /* WCSymbolHighlighter.m */; };
		79FE36EF161A416500DB7C6D /* Bookmarks.xcdatamodeld in Sources */ = {isa = PBXBuildFile; fileRef = 79FE36ED161A416500DB7C6D /* Bookmarks.xcdatamodeld */; };
		79FE36F3161A41C900DB7C6D /* Bookmark.m in Sources */ = {isa = PBXBuildFile; fileRef = 79FE36F2161A41C900DB7C6D /* Bookmark.m */; };
		79FE36F7161A421C00DB7C6D /* WCBookmarkManager.m in Sources */ = {isa = PBXBuildFile; fileRef = 79FE36F6161A421C00DB7C6D /* WCBookmarkManager.m */; };
		79FE36FA161A69E800DB7C6D /* WCBookmarkScroller.m in Sources */ = {isa = PBXBuildFile; fileRef = 79FE36F9161A69E700DB7C6D /* WCBookmarkScroller.m */; };
/* End PBXBuildFile section */

/* Begin PBXFileReference section */
		7903F1AB160E3AB7000D3F3D /* WCSymbolScanner.h */ = {isa = PBXFileReference; fileEncoding = 4; lastKnownFileType = sourcecode.c.h; path = WCSymbolScanner.h; sourceTree = "<group>"; };
		7903F1AC160E3AB7000D3F3D /* WCSymbolScanner.m */ = {isa = PBXFileReference; fileEncoding = 4; lastKnownFileType = sourcecode.c.objc; path = WCSymbolScanner.m; sourceTree = "<group>"; };
		7903F1AF160E3D62000D3F3D /* WCScanSymbolsOperation.h */ = {isa = PBXFileReference; fileEncoding = 4; lastKnownFileType = sourcecode.c.h; path = WCScanSymbolsOperation.h; sourceTree = "<group>"; };
		7903F1B0160E3D62000D3F3D /* WCScanSymbolsOperation.m */ = {isa = PBXFileReference; fileEncoding = 4; lastKnownFileType = sourcecode.c.objc; path = WCScanSymbolsOperation.m; sourceTree = "<group>"; };
		7903F1B7160E5FB5000D3F3D /* Symbols.xcdatamodel */ = {isa = PBXFileReference; lastKnownFileType = wrapper.xcdatamodel; path = Symbols.xcdatamodel; sourceTree = "<group>"; };
		7903F1C8160E6BB9000D3F3D /* Define.h */ = {isa = PBXFileReference; fileEncoding = 4; lastKnownFileType = sourcecode.c.h; path = Define.h; sourceTree = "<group>"; };
		7903F1C9160E6BB9000D3F3D /* Define.m */ = {isa = PBXFileReference; fileEncoding = 4; lastKnownFileType = sourcecode.c.objc; path = Define.m; sourceTree = "<group>"; };
		7903F1CE160E6BB9000D3F3D /* Equate.h */ = {isa = PBXFileReference; fileEncoding = 4; lastKnownFileType = sourcecode.c.h; path = Equate.h; sourceTree = "<group>"; };
		7903F1CF160E6BB9000D3F3D /* Equate.m */ = {isa = PBXFileReference; fileEncoding = 4; lastKnownFileType = sourcecode.c.objc; path = Equate.m; sourceTree = "<group>"; };
		7903F1D1160E6BB9000D3F3D /* Label.h */ = {isa = PBXFileReference; fileEncoding = 4; lastKnownFileType = sourcecode.c.h; path = Label.h; sourceTree = "<group>"; };
		7903F1D2160E6BB9000D3F3D /* Label.m */ = {isa = PBXFileReference; fileEncoding = 4; lastKnownFileType = sourcecode.c.objc; path = Label.m; sourceTree = "<group>"; };
		7903F1D5160E7F74000D3F3D /* NSString+WCExtensions.h */ = {isa = PBXFileReference; fileEncoding = 4; lastKnownFileType = sourcecode.c.h; path = "NSString+WCExtensions.h"; sourceTree = "<group>"; };
		7903F1D6160E7F74000D3F3D /* NSString+WCExtensions.m */ = {isa = PBXFileReference; fileEncoding = 4; lastKnownFileType = sourcecode.c.objc; path = "NSString+WCExtensions.m"; sourceTree = "<group>"; };
		7903F1DB160EB4C9000D3F3D /* WCJumpBarControl.h */ = {isa = PBXFileReference; fileEncoding = 4; lastKnownFileType = sourcecode.c.h; path = WCJumpBarControl.h; sourceTree = "<group>"; };
		7903F1DC160EB4C9000D3F3D /* WCJumpBarControl.m */ = {isa = PBXFileReference; fileEncoding = 4; lastKnownFileType = sourcecode.c.objc; path = WCJumpBarControl.m; sourceTree = "<group>"; };
		7903F1DE160EB796000D3F3D /* WCJumpBarCell.h */ = {isa = PBXFileReference; fileEncoding = 4; lastKnownFileType = sourcecode.c.h; path = WCJumpBarCell.h; sourceTree = "<group>"; };
		7903F1DF160EB797000D3F3D /* WCJumpBarCell.m */ = {isa = PBXFileReference; fileEncoding = 4; lastKnownFileType = sourcecode.c.objc; path = WCJumpBarCell.m; sourceTree = "<group>"; };
		7903F1E1160EB89A000D3F3D /* WCJumpBarComponentCell.h */ = {isa = PBXFileReference; fileEncoding = 4; lastKnownFileType = sourcecode.c.h; path = WCJumpBarComponentCell.h; sourceTree = "<group>"; };
		7903F1E2160EB89A000D3F3D /* WCJumpBarComponentCell.m */ = {isa = PBXFileReference; fileEncoding = 4; lastKnownFileType = sourcecode.c.objc; path = WCJumpBarComponentCell.m; sourceTree = "<group>"; };
		7903F1E4160EB928000D3F3D /* WCGeometry.h */ = {isa = PBXFileReference; lastKnownFileType = sourcecode.c.h; path = WCGeometry.h; sourceTree = "<group>"; };
		7903F1E6160EBF3B000D3F3D /* GCJumpBarAccessorySeparator.png */ = {isa = PBXFileReference; lastKnownFileType = image.png; path = GCJumpBarAccessorySeparator.png; sourceTree = "<group>"; };
		7903F1E8160EBF3B000D3F3D /* GCJumpBarSeparator.png */ = {isa = PBXFileReference; lastKnownFileType = image.png; path = GCJumpBarSeparator.png; sourceTree = "<group>"; };
		7903F1F1160F735C000D3F3D /* WCJumpBarBackgroundView.h */ = {isa = PBXFileReference; fileEncoding = 4; lastKnownFileType = sourcecode.c.h; path = WCJumpBarBackgroundView.h; sourceTree = "<group>"; };
		7903F1F2160F735D000D3F3D /* WCJumpBarBackgroundView.m */ = {isa = PBXFileReference; fileEncoding = 4; lastKnownFileType = sourcecode.c.objc; path = WCJumpBarBackgroundView.m; sourceTree = "<group>"; };
		7903F1F4160FAE07000D3F3D /* WCSymbolImageManager.h */ = {isa = PBXFileReference; fileEncoding = 4; lastKnownFileType = sourcecode.c.h; path = WCSymbolImageManager.h; sourceTree = "<group>"; };
		7903F1F5160FAE07000D3F3D /* WCSymbolImageManager.m */ = {isa = PBXFileReference; fileEncoding = 4; lastKnownFileType = sourcecode.c.objc; path = WCSymbolImageManager.m; sourceTree = "<group>"; };
		7903F1F8160FB2C3000D3F3D /* NSBezierPath+StrokeExtensions.h */ = {isa = PBXFileReference; lastKnownFileType = sourcecode.c.h; path = "NSBezierPath+StrokeExtensions.h"; sourceTree = "<group>"; };
		7903F1F9160FB2C3000D3F3D /* NSBezierPath+StrokeExtensions.m */ = {isa = PBXFileReference; lastKnownFileType = sourcecode.c.objc; path = "NSBezierPath+StrokeExtensions.m"; sourceTree = "<group>"; };
		7903F1FC160FB810000D3F3D /* Macro.h */ = {isa = PBXFileReference; fileEncoding = 4; lastKnownFileType = sourcecode.c.h; path = Macro.h; sourceTree = "<group>"; };
		7903F1FD160FB810000D3F3D /* Macro.m */ = {isa = PBXFileReference; fileEncoding = 4; lastKnownFileType = sourcecode.c.objc; path = Macro.m; sourceTree = "<group>"; };
		7903F205160FDE9D000D3F3D /* WCArgumentPlaceholderCell.h */ = {isa = PBXFileReference; fileEncoding = 4; lastKnownFileType = sourcecode.c.h; path = WCArgumentPlaceholderCell.h; sourceTree = "<group>"; };
		7903F206160FDE9D000D3F3D /* WCArgumentPlaceholderCell.m */ = {isa = PBXFileReference; fileEncoding = 4; lastKnownFileType = sourcecode.c.objc; path = WCArgumentPlaceholderCell.m; sourceTree = "<group>"; };
		79129111160AB1C200ADFAB5 /* NSParagraphStyle+WCExtensions.h */ = {isa = PBXFileReference; fileEncoding = 4; lastKnownFileType = sourcecode.c.h; path = "NSParagraphStyle+WCExtensions.h"; sourceTree = "<group>"; };
		79129112160AB1C200ADFAB5 /* NSParagraphStyle+WCExtensions.m */ = {isa = PBXFileReference; fileEncoding = 4; lastKnownFileType = sourcecode.c.objc; path = "NSParagraphStyle+WCExtensions.m"; sourceTree = "<group>"; };
		79129118160ABD5100ADFAB5 /* WCTextView.h */ = {isa = PBXFileReference; fileEncoding = 4; lastKnownFileType = sourcecode.c.h; path = WCTextView.h; sourceTree = "<group>"; };
		79129119160ABD5100ADFAB5 /* WCTextView.m */ = {isa = PBXFileReference; fileEncoding = 4; lastKnownFileType = sourcecode.c.objc; path = WCTextView.m; sourceTree = "<group>"; };
		7939015D163B673100168CD5 /* WCProjectDocument.h */ = {isa = PBXFileReference; fileEncoding = 4; lastKnownFileType = sourcecode.c.h; path = WCProjectDocument.h; sourceTree = "<group>"; };
		7939015E163B673100168CD5 /* WCProjectDocument.m */ = {isa = PBXFileReference; fileEncoding = 4; lastKnownFileType = sourcecode.c.objc; path = WCProjectDocument.m; sourceTree = "<group>"; };
		793D23011613DB4300742605 /* GCJumpBarAccessorySeparator@2x.png */ = {isa = PBXFileReference; lastKnownFileType = image.png; path = "GCJumpBarAccessorySeparator@2x.png"; sourceTree = "<group>"; };
		793D23031613DB4700742605 /* GCJumpBarSeparator@2x.png */ = {isa = PBXFileReference; lastKnownFileType = image.png; path = "GCJumpBarSeparator@2x.png"; sourceTree = "<group>"; };
		793D23051613E2C000742605 /* NSURL+WCExtensions.h */ = {isa = PBXFileReference; fileEncoding = 4; lastKnownFileType = sourcecode.c.h; path = "NSURL+WCExtensions.h"; sourceTree = "<group>"; };
		793D23061613E2C000742605 /* NSURL+WCExtensions.m */ = {isa = PBXFileReference; fileEncoding = 4; lastKnownFileType = sourcecode.c.objc; path = "NSURL+WCExtensions.m"; sourceTree = "<group>"; };
		793D2362161511C600742605 /* WCSourceFileWindowController.h */ = {isa = PBXFileReference; fileEncoding = 4; lastKnownFileType = sourcecode.c.h; path = WCSourceFileWindowController.h; sourceTree = "<group>"; };
		793D2363161511C700742605 /* WCSourceFileWindowController.m */ = {isa = PBXFileReference; fileEncoding = 4; lastKnownFileType = sourcecode.c.objc; path = WCSourceFileWindowController.m; sourceTree = "<group>"; };
		793D2368161554BB00742605 /* WCTextStorage.h */ = {isa = PBXFileReference; fileEncoding = 4; lastKnownFileType = sourcecode.c.h; path = WCTextStorage.h; sourceTree = "<group>"; };
		793D2369161554BB00742605 /* WCTextStorage.m */ = {isa = PBXFileReference; fileEncoding = 4; lastKnownFileType = sourcecode.c.objc; path = WCTextStorage.m; sourceTree = "<group>"; };
		793D236B161557D000742605 /* WCLayoutManager.h */ = {isa = PBXFileReference; fileEncoding = 4; lastKnownFileType = sourcecode.c.h; path = WCLayoutManager.h; sourceTree = "<group>"; };
		793D236C161557D100742605 /* WCLayoutManager.m */ = {isa = PBXFileReference; fileEncoding = 4; lastKnownFileType = sourcecode.c.objc; path = WCLayoutManager.m; sourceTree = "<group>"; };
		793D236E1615584C00742605 /* WCTypesetter.h */ = {isa = PBXFileReference; fileEncoding = 4; lastKnownFileType = sourcecode.c.h; path = WCTypesetter.h; sourceTree = "<group>"; };
		793D236F1615584D00742605 /* WCTypesetter.m */ = {isa = PBXFileReference; fileEncoding = 4; lastKnownFileType = sourcecode.c.objc; path = WCTypesetter.m; sourceTree = "<group>"; };
		793D23711615597900742605 /* WCGlyphGenerator.h */ = {isa = PBXFileReference; fileEncoding = 4; lastKnownFileType = sourcecode.c.h; path = WCGlyphGenerator.h; sourceTree = "<group>"; };
		793D23721615597A00742605 /* WCGlyphGenerator.m */ = {isa = PBXFileReference; fileEncoding = 4; lastKnownFileType = sourcecode.c.objc; path = WCGlyphGenerator.m; sourceTree = "<group>"; };
		793D237416155C3F00742605 /* WCFoldCell.h */ = {isa = PBXFileReference; fileEncoding = 4; lastKnownFileType = sourcecode.c.h; path = WCFoldCell.h; sourceTree = "<group>"; };
		793D237516155C4000742605 /* WCFoldCell.m */ = {isa = PBXFileReference; fileEncoding = 4; lastKnownFileType = sourcecode.c.objc; path = WCFoldCell.m; sourceTree = "<group>"; };
		794843881629CC5E007903BE /* Completions.json */ = {isa = PBXFileReference; fileEncoding = 4; lastKnownFileType = text.json; path = Completions.json; sourceTree = "<group>"; };
		7948438E1629E141007903BE /* WCCompletionsImageManager.h */ = {isa = PBXFileReference; fileEncoding = 4; lastKnownFileType = sourcecode.c.h; path = WCCompletionsImageManager.h; sourceTree = "<group>"; };
		7948438F1629E142007903BE /* WCCompletionsImageManager.m */ = {isa = PBXFileReference; fileEncoding = 4; lastKnownFileType = sourcecode.c.objc; path = WCCompletionsImageManager.m; sourceTree = "<group>"; };
		794843911629F8FD007903BE /* _Completion.h */ = {isa = PBXFileReference; fileEncoding = 4; lastKnownFileType = sourcecode.c.h; path = _Completion.h; sourceTree = "<group>"; };
		794843921629F8FD007903BE /* _Completion.m */ = {isa = PBXFileReference; fileEncoding = 4; lastKnownFileType = sourcecode.c.objc; path = _Completion.m; sourceTree = "<group>"; };
		794843931629F8FD007903BE /* _Placeholder.h */ = {isa = PBXFileReference; fileEncoding = 4; lastKnownFileType = sourcecode.c.h; path = _Placeholder.h; sourceTree = "<group>"; };
		794843941629F8FD007903BE /* _Placeholder.m */ = {isa = PBXFileReference; fileEncoding = 4; lastKnownFileType = sourcecode.c.objc; path = _Placeholder.m; sourceTree = "<group>"; };
		794843951629F8FD007903BE /* Completion.h */ = {isa = PBXFileReference; fileEncoding = 4; lastKnownFileType = sourcecode.c.h; path = Completion.h; sourceTree = "<group>"; };
		794843961629F8FD007903BE /* Completion.m */ = {isa = PBXFileReference; fileEncoding = 4; lastKnownFileType = sourcecode.c.objc; path = Completion.m; sourceTree = "<group>"; };
		794843971629F8FD007903BE /* Placeholder.h */ = {isa = PBXFileReference; fileEncoding = 4; lastKnownFileType = sourcecode.c.h; path = Placeholder.h; sourceTree = "<group>"; };
		794843981629F8FD007903BE /* Placeholder.m */ = {isa = PBXFileReference; fileEncoding = 4; lastKnownFileType = sourcecode.c.objc; path = Placeholder.m; sourceTree = "<group>"; };
		7948439D162A0B57007903BE /* NSAttributedString+WCExtensions.h */ = {isa = PBXFileReference; fileEncoding = 4; lastKnownFileType = sourcecode.c.h; path = "NSAttributedString+WCExtensions.h"; sourceTree = "<group>"; };
		7948439E162A0B57007903BE /* NSAttributedString+WCExtensions.m */ = {isa = PBXFileReference; fileEncoding = 4; lastKnownFileType = sourcecode.c.objc; path = "NSAttributedString+WCExtensions.m"; sourceTree = "<group>"; };
		79593661161637A80085355E /* WCFoldScanner.h */ = {isa = PBXFileReference; fileEncoding = 4; lastKnownFileType = sourcecode.c.h; path = WCFoldScanner.h; sourceTree = "<group>"; };
		79593662161637A80085355E /* WCFoldScanner.m */ = {isa = PBXFileReference; fileEncoding = 4; lastKnownFileType = sourcecode.c.objc; path = WCFoldScanner.m; sourceTree = "<group>"; };
		79593664161638390085355E /* WCScanFoldsOperation.h */ = {isa = PBXFileReference; fileEncoding = 4; lastKnownFileType = sourcecode.c.h; path = WCScanFoldsOperation.h; sourceTree = "<group>"; };
		79593665161638390085355E /* WCScanFoldsOperation.m */ = {isa = PBXFileReference; fileEncoding = 4; lastKnownFileType = sourcecode.c.objc; path = WCScanFoldsOperation.m; sourceTree = "<group>"; };
		795936681616384B0085355E /* Folds.xcdatamodel */ = {isa = PBXFileReference; lastKnownFileType = wrapper.xcdatamodel; path = Folds.xcdatamodel; sourceTree = "<group>"; };
		7959366B161639720085355E /* Fold.h */ = {isa = PBXFileReference; fileEncoding = 4; lastKnownFileType = sourcecode.c.h; path = Fold.h; sourceTree = "<group>"; };
		7959366C161639720085355E /* Fold.m */ = {isa = PBXFileReference; fileEncoding = 4; lastKnownFileType = sourcecode.c.objc; path = Fold.m; sourceTree = "<group>"; };
		7959366E16163F2B0085355E /* WCFoldMarker.h */ = {isa = PBXFileReference; fileEncoding = 4; lastKnownFileType = sourcecode.c.h; path = WCFoldMarker.h; sourceTree = "<group>"; };
		7959366F16163F2B0085355E /* WCFoldMarker.m */ = {isa = PBXFileReference; fileEncoding = 4; lastKnownFileType = sourcecode.c.objc; path = WCFoldMarker.m; sourceTree = "<group>"; };
		795F5B591637717400C70449 /* WCDocumentController.h */ = {isa = PBXFileReference; fileEncoding = 4; lastKnownFileType = sourcecode.c.h; path = WCDocumentController.h; sourceTree = "<group>"; };
		795F5B5A1637717400C70449 /* WCDocumentController.m */ = {isa = PBXFileReference; fileEncoding = 4; lastKnownFileType = sourcecode.c.objc; path = WCDocumentController.m; sourceTree = "<group>"; };
		7962BD97161FD689006D5A7A /* NSEvent+WCExtensions.h */ = {isa = PBXFileReference; fileEncoding = 4; lastKnownFileType = sourcecode.c.h; path = "NSEvent+WCExtensions.h"; sourceTree = "<group>"; };
		7962BD98161FD689006D5A7A /* NSEvent+WCExtensions.m */ = {isa = PBXFileReference; fileEncoding = 4; lastKnownFileType = sourcecode.c.objc; path = "NSEvent+WCExtensions.m"; sourceTree = "<group>"; };
		7962BD9B161FDD3E006D5A7A /* WCWindow.h */ = {isa = PBXFileReference; fileEncoding = 4; lastKnownFileType = sourcecode.c.h; path = WCWindow.h; sourceTree = "<group>"; };
		7962BD9C161FDD3E006D5A7A /* WCWindow.m */ = {isa = PBXFileReference; fileEncoding = 4; lastKnownFileType = sourcecode.c.objc; path = WCWindow.m; sourceTree = "<group>"; };
		7962BDA61620A5A8006D5A7A /* WCMenuController.h */ = {isa = PBXFileReference; fileEncoding = 4; lastKnownFileType = sourcecode.c.h; path = WCMenuController.h; sourceTree = "<group>"; };
		7962BDA71620A5A8006D5A7A /* WCMenuController.m */ = {isa = PBXFileReference; fileEncoding = 4; lastKnownFileType = sourcecode.c.objc; path = WCMenuController.m; sourceTree = "<group>"; };
		7962BDA91620C13C006D5A7A /* WCHUDStatusWindow.h */ = {isa = PBXFileReference; fileEncoding = 4; lastKnownFileType = sourcecode.c.h; path = WCHUDStatusWindow.h; sourceTree = "<group>"; };
		7962BDAA1620C13C006D5A7A /* WCHUDStatusWindow.m */ = {isa = PBXFileReference; fileEncoding = 4; lastKnownFileType = sourcecode.c.objc; path = WCHUDStatusWindow.m; sourceTree = "<group>"; };
		7962BDAC1620C4F8006D5A7A /* WCHUDStatusContentView.h */ = {isa = PBXFileReference; fileEncoding = 4; lastKnownFileType = sourcecode.c.h; path = WCHUDStatusContentView.h; sourceTree = "<group>"; };
		7962BDAD1620C4F8006D5A7A /* WCHUDStatusContentView.m */ = {isa = PBXFileReference; fileEncoding = 4; lastKnownFileType = sourcecode.c.objc; path = WCHUDStatusContentView.m; sourceTree = "<group>"; };
		7962BDAF1620D838006D5A7A /* FindWrapIndicator.tiff */ = {isa = PBXFileReference; lastKnownFileType = image.tiff; path = FindWrapIndicator.tiff; sourceTree = "<group>"; };
		7962BDB01620D838006D5A7A /* FindWrapIndicatorReverse.tiff */ = {isa = PBXFileReference; lastKnownFileType = image.tiff; path = FindWrapIndicatorReverse.tiff; sourceTree = "<group>"; };
		7962BDB9162123D6006D5A7A /* WCExtendedAttributesManager.h */ = {isa = PBXFileReference; fileEncoding = 4; lastKnownFileType = sourcecode.c.h; path = WCExtendedAttributesManager.h; sourceTree = "<group>"; };
		7962BDBA162123D7006D5A7A /* WCExtendedAttributesManager.m */ = {isa = PBXFileReference; fileEncoding = 4; lastKnownFileType = sourcecode.c.objc; path = WCExtendedAttributesManager.m; sourceTree = "<group>"; };
		7962BDCB16215194006D5A7A /* WabbitEmu.app */ = {isa = PBXFileReference; explicitFileType = wrapper.application; includeInIndex = 0; path = WabbitEmu.app; sourceTree = BUILT_PRODUCTS_DIR; };
		7962BDD016215194006D5A7A /* WabbitEmu-Info.plist */ = {isa = PBXFileReference; lastKnownFileType = text.plist.xml; path = "WabbitEmu-Info.plist"; sourceTree = "<group>"; };
		7962BDD216215194006D5A7A /* en */ = {isa = PBXFileReference; lastKnownFileType = text.plist.strings; name = en; path = en.lproj/InfoPlist.strings; sourceTree = "<group>"; };
		7962BDD416215194006D5A7A /* main.m */ = {isa = PBXFileReference; lastKnownFileType = sourcecode.c.objc; path = main.m; sourceTree = "<group>"; };
		7962BDD616215194006D5A7A /* WabbitEmu-Prefix.pch */ = {isa = PBXFileReference; lastKnownFileType = sourcecode.c.h; path = "WabbitEmu-Prefix.pch"; sourceTree = "<group>"; };
		7962BDD816215194006D5A7A /* en */ = {isa = PBXFileReference; lastKnownFileType = text.rtf; name = en; path = en.lproj/Credits.rtf; sourceTree = "<group>"; };
		7962BDDA16215194006D5A7A /* WEDocument.h */ = {isa = PBXFileReference; lastKnownFileType = sourcecode.c.h; path = WEDocument.h; sourceTree = "<group>"; };
		7962BDDB16215194006D5A7A /* WEDocument.m */ = {isa = PBXFileReference; lastKnownFileType = sourcecode.c.objc; path = WEDocument.m; sourceTree = "<group>"; };
		7962BDDE16215194006D5A7A /* en */ = {isa = PBXFileReference; lastKnownFileType = file.xib; name = en; path = en.lproj/WEDocument.xib; sourceTree = "<group>"; };
		7962BDE116215195006D5A7A /* en */ = {isa = PBXFileReference; lastKnownFileType = file.xib; name = en; path = en.lproj/WEMainMenu.xib; sourceTree = "<group>"; };
		7962BDE916220042006D5A7A /* NSView+WCExtensions.h */ = {isa = PBXFileReference; fileEncoding = 4; lastKnownFileType = sourcecode.c.h; path = "NSView+WCExtensions.h"; sourceTree = "<group>"; };
		7962BDEA16220042006D5A7A /* NSView+WCExtensions.m */ = {isa = PBXFileReference; fileEncoding = 4; lastKnownFileType = sourcecode.c.objc; path = "NSView+WCExtensions.m"; sourceTree = "<group>"; };
		7962BDEC162207C7006D5A7A /* NSObject+WCExtensions.h */ = {isa = PBXFileReference; fileEncoding = 4; lastKnownFileType = sourcecode.c.h; path = "NSObject+WCExtensions.h"; sourceTree = "<group>"; };
		7962BDED162207C7006D5A7A /* NSObject+WCExtensions.m */ = {isa = PBXFileReference; fileEncoding = 4; lastKnownFileType = sourcecode.c.objc; path = "NSObject+WCExtensions.m"; sourceTree = "<group>"; };
		7962BDEF16221899006D5A7A /* assembly.icns */ = {isa = PBXFileReference; lastKnownFileType = image.icns; path = assembly.icns; sourceTree = "<group>"; };
		7962BDF016221899006D5A7A /* include.icns */ = {isa = PBXFileReference; lastKnownFileType = image.icns; path = include.icns; sourceTree = "<group>"; };
		7962BDF116221899006D5A7A /* project.icns */ = {isa = PBXFileReference; lastKnownFileType = image.icns; path = project.icns; sourceTree = "<group>"; };
		7962BDF616224485006D5A7A /* WCTransparentButtonCell.h */ = {isa = PBXFileReference; fileEncoding = 4; lastKnownFileType = sourcecode.c.h; path = WCTransparentButtonCell.h; sourceTree = "<group>"; };
		7962BDF716224485006D5A7A /* WCTransparentButtonCell.m */ = {isa = PBXFileReference; fileEncoding = 4; lastKnownFileType = sourcecode.c.objc; path = WCTransparentButtonCell.m; sourceTree = "<group>"; };
		7962BDFF16225E9E006D5A7A /* WCJumpInWindowController.h */ = {isa = PBXFileReference; fileEncoding = 4; lastKnownFileType = sourcecode.c.h; path = WCJumpInWindowController.h; sourceTree = "<group>"; };
		7962BE0016225E9E006D5A7A /* WCJumpInWindowController.m */ = {isa = PBXFileReference; fileEncoding = 4; lastKnownFileType = sourcecode.c.objc; path = WCJumpInWindowController.m; sourceTree = "<group>"; };
		7962BE0316225FB1006D5A7A /* en */ = {isa = PBXFileReference; lastKnownFileType = file.xib; name = en; path = en.lproj/WCJumpInWindow.xib; sourceTree = "<group>"; };
		7962BE051622627C006D5A7A /* WCSearchFieldBackgroundView.h */ = {isa = PBXFileReference; fileEncoding = 4; lastKnownFileType = sourcecode.c.h; path = WCSearchFieldBackgroundView.h; sourceTree = "<group>"; };
		7962BE061622627C006D5A7A /* WCSearchFieldBackgroundView.m */ = {isa = PBXFileReference; fileEncoding = 4; lastKnownFileType = sourcecode.c.objc; path = WCSearchFieldBackgroundView.m; sourceTree = "<group>"; };
		7962BE0816226D3A006D5A7A /* WCJumpInCellView.h */ = {isa = PBXFileReference; fileEncoding = 4; lastKnownFileType = sourcecode.c.h; path = WCJumpInCellView.h; sourceTree = "<group>"; };
		7962BE0916226D3A006D5A7A /* WCJumpInCellView.m */ = {isa = PBXFileReference; fileEncoding = 4; lastKnownFileType = sourcecode.c.objc; path = WCJumpInCellView.m; sourceTree = "<group>"; };
		79710684160B5CAD00C4951A /* WCDefines.h */ = {isa = PBXFileReference; lastKnownFileType = sourcecode.c.h; path = WCDefines.h; sourceTree = "<group>"; };
		7973D6D2160CF7F4004EDE62 /* WCViewController.h */ = {isa = PBXFileReference; fileEncoding = 4; lastKnownFileType = sourcecode.c.h; path = WCViewController.h; sourceTree = "<group>"; };
		7973D6D3160CF7F4004EDE62 /* WCViewController.m */ = {isa = PBXFileReference; fileEncoding = 4; lastKnownFileType = sourcecode.c.objc; path = WCViewController.m; sourceTree = "<group>"; };
		7973D6D6160CF83A004EDE62 /* WCTextViewController.h */ = {isa = PBXFileReference; fileEncoding = 4; lastKnownFileType = sourcecode.c.h; path = WCTextViewController.h; sourceTree = "<group>"; };
		7973D6D7160CF83A004EDE62 /* WCTextViewController.m */ = {isa = PBXFileReference; fileEncoding = 4; lastKnownFileType = sourcecode.c.objc; path = WCTextViewController.m; sourceTree = "<group>"; };
		7973D6DA160CF8DF004EDE62 /* en */ = {isa = PBXFileReference; lastKnownFileType = file.xib; name = en; path = en.lproj/WCTextView.xib; sourceTree = "<group>"; };
		7973D6DC160CFC7B004EDE62 /* NSTextView+WCExtensions.h */ = {isa = PBXFileReference; fileEncoding = 4; lastKnownFileType = sourcecode.c.h; path = "NSTextView+WCExtensions.h"; sourceTree = "<group>"; };
		7973D6DD160CFC7B004EDE62 /* NSTextView+WCExtensions.m */ = {isa = PBXFileReference; fileEncoding = 4; lastKnownFileType = sourcecode.c.objc; path = "NSTextView+WCExtensions.m"; sourceTree = "<group>"; };
		7973D6DF160CFD57004EDE62 /* WCSyntaxHighlighter.h */ = {isa = PBXFileReference; fileEncoding = 4; lastKnownFileType = sourcecode.c.h; path = WCSyntaxHighlighter.h; sourceTree = "<group>"; };
		7973D6E0160CFD57004EDE62 /* WCSyntaxHighlighter.m */ = {isa = PBXFileReference; fileEncoding = 4; lastKnownFileType = sourcecode.c.objc; path = WCSyntaxHighlighter.m; sourceTree = "<group>"; };
		7973D6E2160D2274004EDE62 /* WCToolTipWindow.h */ = {isa = PBXFileReference; fileEncoding = 4; lastKnownFileType = sourcecode.c.h; path = WCToolTipWindow.h; sourceTree = "<group>"; };
		7973D6E3160D2274004EDE62 /* WCToolTipWindow.m */ = {isa = PBXFileReference; fileEncoding = 4; lastKnownFileType = sourcecode.c.objc; path = WCToolTipWindow.m; sourceTree = "<group>"; };
		797E92FA1631B6EB00F7851A /* NSImage+WCExtensions.h */ = {isa = PBXFileReference; fileEncoding = 4; lastKnownFileType = sourcecode.c.h; path = "NSImage+WCExtensions.h"; sourceTree = "<group>"; };
		797E92FB1631B6EB00F7851A /* NSImage+WCExtensions.m */ = {isa = PBXFileReference; fileEncoding = 4; lastKnownFileType = sourcecode.c.objc; path = "NSImage+WCExtensions.m"; sourceTree = "<group>"; };
		79968CA51608DB7A00F139BC /* WabbitCode.app */ = {isa = PBXFileReference; explicitFileType = wrapper.application; includeInIndex = 0; path = WabbitCode.app; sourceTree = BUILT_PRODUCTS_DIR; };
		79968CA91608DB7A00F139BC /* Cocoa.framework */ = {isa = PBXFileReference; lastKnownFileType = wrapper.framework; name = Cocoa.framework; path = System/Library/Frameworks/Cocoa.framework; sourceTree = SDKROOT; };
		79968CAC1608DB7A00F139BC /* AppKit.framework */ = {isa = PBXFileReference; lastKnownFileType = wrapper.framework; name = AppKit.framework; path = System/Library/Frameworks/AppKit.framework; sourceTree = SDKROOT; };
		79968CAD1608DB7A00F139BC /* CoreData.framework */ = {isa = PBXFileReference; lastKnownFileType = wrapper.framework; name = CoreData.framework; path = System/Library/Frameworks/CoreData.framework; sourceTree = SDKROOT; };
		79968CAE1608DB7A00F139BC /* Foundation.framework */ = {isa = PBXFileReference; lastKnownFileType = wrapper.framework; name = Foundation.framework; path = System/Library/Frameworks/Foundation.framework; sourceTree = SDKROOT; };
		79968CB11608DB7A00F139BC /* WabbitCode-Info.plist */ = {isa = PBXFileReference; lastKnownFileType = text.plist.xml; path = "WabbitCode-Info.plist"; sourceTree = "<group>"; };
		79968CB31608DB7A00F139BC /* en */ = {isa = PBXFileReference; lastKnownFileType = text.plist.strings; name = en; path = en.lproj/InfoPlist.strings; sourceTree = "<group>"; };
		79968CB51608DB7A00F139BC /* main.m */ = {isa = PBXFileReference; lastKnownFileType = sourcecode.c.objc; path = main.m; sourceTree = "<group>"; };
		79968CB71608DB7A00F139BC /* WabbitCode-Prefix.pch */ = {isa = PBXFileReference; lastKnownFileType = sourcecode.c.h; path = "WabbitCode-Prefix.pch"; sourceTree = "<group>"; };
		79968CB91608DB7A00F139BC /* en */ = {isa = PBXFileReference; lastKnownFileType = text.rtf; name = en; path = en.lproj/Credits.rtf; sourceTree = "<group>"; };
		79968CBB1608DB7A00F139BC /* WCSourceFileDocument.h */ = {isa = PBXFileReference; lastKnownFileType = sourcecode.c.h; path = WCSourceFileDocument.h; sourceTree = "<group>"; };
		79968CBC1608DB7A00F139BC /* WCSourceFileDocument.m */ = {isa = PBXFileReference; lastKnownFileType = sourcecode.c.objc; path = WCSourceFileDocument.m; sourceTree = "<group>"; };
		79968CBF1608DB7A00F139BC /* en */ = {isa = PBXFileReference; lastKnownFileType = file.xib; name = en; path = en.lproj/WCSourceFileWindow.xib; sourceTree = "<group>"; };
		79968CC21608DB7A00F139BC /* en */ = {isa = PBXFileReference; lastKnownFileType = file.xib; name = en; path = en.lproj/WCMainMenu.xib; sourceTree = "<group>"; };
		79968CCC1608E05F00F139BC /* WCAppDelegate.h */ = {isa = PBXFileReference; fileEncoding = 4; lastKnownFileType = sourcecode.c.h; path = WCAppDelegate.h; sourceTree = "<group>"; };
		79968CCD1608E05F00F139BC /* WCAppDelegate.m */ = {isa = PBXFileReference; fileEncoding = 4; lastKnownFileType = sourcecode.c.objc; path = WCAppDelegate.m; sourceTree = "<group>"; };
		79968CD51608E91100F139BC /* WCLineNumberView.h */ = {isa = PBXFileReference; fileEncoding = 4; lastKnownFileType = sourcecode.c.h; path = WCLineNumberView.h; sourceTree = "<group>"; };
		79968CD61608E91100F139BC /* WCLineNumberView.m */ = {isa = PBXFileReference; fileEncoding = 4; lastKnownFileType = sourcecode.c.objc; path = WCLineNumberView.m; sourceTree = "<group>"; };
		79968CDA1608E97400F139BC /* NSColor+WCExtensions.h */ = {isa = PBXFileReference; fileEncoding = 4; lastKnownFileType = sourcecode.c.h; path = "NSColor+WCExtensions.h"; sourceTree = "<group>"; };
		79968CDB1608E97400F139BC /* NSColor+WCExtensions.m */ = {isa = PBXFileReference; fileEncoding = 4; lastKnownFileType = sourcecode.c.objc; path = "NSColor+WCExtensions.m"; sourceTree = "<group>"; };
		79968CED1608FB6500F139BC /* NSArray+WCExtensions.h */ = {isa = PBXFileReference; fileEncoding = 4; lastKnownFileType = sourcecode.c.h; path = "NSArray+WCExtensions.h"; sourceTree = "<group>"; };
		79968CEE1608FB6500F139BC /* NSArray+WCExtensions.m */ = {isa = PBXFileReference; fileEncoding = 4; lastKnownFileType = sourcecode.c.objc; path = "NSArray+WCExtensions.m"; sourceTree = "<group>"; };
		79A87C24161DF3BA00C1A568 /* Completions.xcdatamodel */ = {isa = PBXFileReference; lastKnownFileType = wrapper.xcdatamodel; path = Completions.xcdatamodel; sourceTree = "<group>"; };
		79C92CC81610AE3D00BB6CDC /* WCCompletionWindow.h */ = {isa = PBXFileReference; fileEncoding = 4; lastKnownFileType = sourcecode.c.h; path = WCCompletionWindow.h; sourceTree = "<group>"; };
		79C92CC91610AE3D00BB6CDC /* WCCompletionWindow.m */ = {isa = PBXFileReference; fileEncoding = 4; lastKnownFileType = sourcecode.c.objc; path = WCCompletionWindow.m; sourceTree = "<group>"; };
		79C92CD71610E9C800BB6CDC /* QuartzCore.framework */ = {isa = PBXFileReference; lastKnownFileType = wrapper.framework; name = QuartzCore.framework; path = Platforms/MacOSX.platform/Developer/SDKs/MacOSX10.8.sdk/System/Library/Frameworks/QuartzCore.framework; sourceTree = DEVELOPER_DIR; };
		79C92CE81611136900BB6CDC /* File.h */ = {isa = PBXFileReference; fileEncoding = 4; lastKnownFileType = sourcecode.c.h; path = File.h; sourceTree = "<group>"; };
		79C92CE91611136900BB6CDC /* File.m */ = {isa = PBXFileReference; fileEncoding = 4; lastKnownFileType = sourcecode.c.objc; path = File.m; sourceTree = "<group>"; };
		79C92CEB1611136A00BB6CDC /* Symbol.h */ = {isa = PBXFileReference; fileEncoding = 4; lastKnownFileType = sourcecode.c.h; path = Symbol.h; sourceTree = "<group>"; };
		79C92CEC1611136A00BB6CDC /* Symbol.m */ = {isa = PBXFileReference; fileEncoding = 4; lastKnownFileType = sourcecode.c.objc; path = Symbol.m; sourceTree = "<group>"; };
		79C92CEE161144B500BB6CDC /* WCTableView.h */ = {isa = PBXFileReference; fileEncoding = 4; lastKnownFileType = sourcecode.c.h; path = WCTableView.h; sourceTree = "<group>"; };
		79C92CEF161144B600BB6CDC /* WCTableView.m */ = {isa = PBXFileReference; fileEncoding = 4; lastKnownFileType = sourcecode.c.objc; path = WCTableView.m; sourceTree = "<group>"; };
		79C92CF116114A1300BB6CDC /* WCCompletionItem.h */ = {isa = PBXFileReference; fileEncoding = 4; lastKnownFileType = sourcecode.c.h; path = WCCompletionItem.h; sourceTree = "<group>"; };
		79C92CF216114A1300BB6CDC /* WCCompletionItem.m */ = {isa = PBXFileReference; fileEncoding = 4; lastKnownFileType = sourcecode.c.objc; path = WCCompletionItem.m; sourceTree = "<group>"; };
		79DE43451638C09E003D56EA /* Projects.xcdatamodel */ = {isa = PBXFileReference; lastKnownFileType = wrapper.xcdatamodel; path = Projects.xcdatamodel; sourceTree = "<group>"; };
		79DF87A8162A8C8200818741 /* MASPreferencesViewController.h */ = {isa = PBXFileReference; fileEncoding = 4; lastKnownFileType = sourcecode.c.h; path = MASPreferencesViewController.h; sourceTree = "<group>"; };
		79DF87A9162A8C8200818741 /* MASPreferencesWindow.xib */ = {isa = PBXFileReference; fileEncoding = 4; lastKnownFileType = file.xib; path = MASPreferencesWindow.xib; sourceTree = "<group>"; };
		79DF87AA162A8C8200818741 /* MASPreferencesWindowController.h */ = {isa = PBXFileReference; fileEncoding = 4; lastKnownFileType = sourcecode.c.h; path = MASPreferencesWindowController.h; sourceTree = "<group>"; };
		79DF87AB162A8C8200818741 /* MASPreferencesWindowController.m */ = {isa = PBXFileReference; fileEncoding = 4; lastKnownFileType = sourcecode.c.objc; path = MASPreferencesWindowController.m; sourceTree = "<group>"; };
		79DF87B0162A8CCF00818741 /* WCPreferencesWindowController.h */ = {isa = PBXFileReference; fileEncoding = 4; lastKnownFileType = sourcecode.c.h; path = WCPreferencesWindowController.h; sourceTree = "<group>"; };
		79DF87B1162A8CCF00818741 /* WCPreferencesWindowController.m */ = {isa = PBXFileReference; fileEncoding = 4; lastKnownFileType = sourcecode.c.objc; path = WCPreferencesWindowController.m; sourceTree = "<group>"; };
		79DF87B3162A8D0C00818741 /* WCGeneralViewController.h */ = {isa = PBXFileReference; fileEncoding = 4; lastKnownFileType = sourcecode.c.h; path = WCGeneralViewController.h; sourceTree = "<group>"; };
		79DF87B4162A8D0C00818741 /* WCGeneralViewController.m */ = {isa = PBXFileReference; fileEncoding = 4; lastKnownFileType = sourcecode.c.objc; path = WCGeneralViewController.m; sourceTree = "<group>"; };
		79DF87B6162A8D3000818741 /* WCTextEditingViewController.h */ = {isa = PBXFileReference; fileEncoding = 4; lastKnownFileType = sourcecode.c.h; path = WCTextEditingViewController.h; sourceTree = "<group>"; };
		79DF87B7162A8D3000818741 /* WCTextEditingViewController.m */ = {isa = PBXFileReference; fileEncoding = 4; lastKnownFileType = sourcecode.c.objc; path = WCTextEditingViewController.m; sourceTree = "<group>"; };
		79DF87BA162A8E1A00818741 /* en */ = {isa = PBXFileReference; lastKnownFileType = file.xib; name = en; path = en.lproj/WCGeneralView.xib; sourceTree = "<group>"; };
		79DF87BC162A8E9D00818741 /* Text Editing.png */ = {isa = PBXFileReference; lastKnownFileType = image.png; path = "Text Editing.png"; sourceTree = "<group>"; };
		79DF87BF162A8ED100818741 /* en */ = {isa = PBXFileReference; lastKnownFileType = file.xib; name = en; path = en.lproj/WCTextEditingView.xib; sourceTree = "<group>"; };
		79DF87C1162B52A900818741 /* Fonts & Colors.png */ = {isa = PBXFileReference; lastKnownFileType = image.png; path = "Fonts & Colors.png"; sourceTree = "<group>"; };
		79DF87C3162B52C200818741 /* WCFontsAndColorsViewController.h */ = {isa = PBXFileReference; fileEncoding = 4; lastKnownFileType = sourcecode.c.h; path = WCFontsAndColorsViewController.h; sourceTree = "<group>"; };
		79DF87C4162B52C200818741 /* WCFontsAndColorsViewController.m */ = {isa = PBXFileReference; fileEncoding = 4; lastKnownFileType = sourcecode.c.objc; path = WCFontsAndColorsViewController.m; sourceTree = "<group>"; };
		79DF87C7162B52F400818741 /* en */ = {isa = PBXFileReference; lastKnownFileType = file.xib; name = en; path = en.lproj/WCFontsAndColorsView.xib; sourceTree = "<group>"; };
		79FC76A41618029F006B9DC3 /* WCFoldView.h */ = {isa = PBXFileReference; fileEncoding = 4; lastKnownFileType = sourcecode.c.h; path = WCFoldView.h; sourceTree = "<group>"; };
		79FC76A51618029F006B9DC3 /* WCFoldView.m */ = {isa = PBXFileReference; fileEncoding = 4; lastKnownFileType = sourcecode.c.objc; path = WCFoldView.m; sourceTree = "<group>"; };
		79FDAE6F1633173900FC9CF3 /* NSUserDefaults+WCExtensions.h */ = {isa = PBXFileReference; fileEncoding = 4; lastKnownFileType = sourcecode.c.h; path = "NSUserDefaults+WCExtensions.h"; sourceTree = "<group>"; };
		79FDAE701633173900FC9CF3 /* NSUserDefaults+WCExtensions.m */ = {isa = PBXFileReference; fileEncoding = 4; lastKnownFileType = sourcecode.c.objc; path = "NSUserDefaults+WCExtensions.m"; sourceTree = "<group>"; };
		79FE360C161945B400DB7C6D /* WCSymbolHighlighter.h */ = {isa = PBXFileReference; fileEncoding = 4; lastKnownFileType = sourcecode.c.h; path = WCSymbolHighlighter.h; sourceTree = "<group>"; };
		79FE360D161945B400DB7C6D /* WCSymbolHighlighter.m */ = {isa = PBXFileReference; fileEncoding = 4; lastKnownFileType = sourcecode.c.objc; path = WCSymbolHighlighter.m; sourceTree = "<group>"; };
		79FE36EE161A416500DB7C6D /* Bookmarks.xcdatamodel */ = {isa = PBXFileReference; lastKnownFileType = wrapper.xcdatamodel; path = Bookmarks.xcdatamodel; sourceTree = "<group>"; };
		79FE36F1161A41C900DB7C6D /* Bookmark.h */ = {isa = PBXFileReference; fileEncoding = 4; lastKnownFileType = sourcecode.c.h; path = Bookmark.h; sourceTree = "<group>"; };
		79FE36F2161A41C900DB7C6D /* Bookmark.m */ = {isa = PBXFileReference; fileEncoding = 4; lastKnownFileType = sourcecode.c.objc; path = Bookmark.m; sourceTree = "<group>"; };
		79FE36F5161A421C00DB7C6D /* WCBookmarkManager.h */ = {isa = PBXFileReference; fileEncoding = 4; lastKnownFileType = sourcecode.c.h; path = WCBookmarkManager.h; sourceTree = "<group>"; };
		79FE36F6161A421C00DB7C6D /* WCBookmarkManager.m */ = {isa = PBXFileReference; fileEncoding = 4; lastKnownFileType = sourcecode.c.objc; path = WCBookmarkManager.m; sourceTree = "<group>"; };
		79FE36F8161A69E700DB7C6D /* WCBookmarkScroller.h */ = {isa = PBXFileReference; fileEncoding = 4; lastKnownFileType = sourcecode.c.h; path = WCBookmarkScroller.h; sourceTree = "<group>"; };
		79FE36F9161A69E700DB7C6D /* WCBookmarkScroller.m */ = {isa = PBXFileReference; fileEncoding = 4; lastKnownFileType = sourcecode.c.objc; path = WCBookmarkScroller.m; sourceTree = "<group>"; };
/* End PBXFileReference section */

/* Begin PBXFrameworksBuildPhase section */
		7962BDC816215194006D5A7A /* Frameworks */ = {
			isa = PBXFrameworksBuildPhase;
			buildActionMask = 2147483647;
			files = (
				7962BDCD16215194006D5A7A /* Cocoa.framework in Frameworks */,
			);
			runOnlyForDeploymentPostprocessing = 0;
		};
		79968CA21608DB7A00F139BC /* Frameworks */ = {
			isa = PBXFrameworksBuildPhase;
			buildActionMask = 2147483647;
			files = (
				79C92CD81610E9C800BB6CDC /* QuartzCore.framework in Frameworks */,
				79968CAA1608DB7A00F139BC /* Cocoa.framework in Frameworks */,
			);
			runOnlyForDeploymentPostprocessing = 0;
		};
/* End PBXFrameworksBuildPhase section */

/* Begin PBXGroup section */
		7903F1B5160E5F72000D3F3D /* Symbols */ = {
			isa = PBXGroup;
			children = (
				79FE360C161945B400DB7C6D /* WCSymbolHighlighter.h */,
				79FE360D161945B400DB7C6D /* WCSymbolHighlighter.m */,
				7903F1F4160FAE07000D3F3D /* WCSymbolImageManager.h */,
				7903F1F5160FAE07000D3F3D /* WCSymbolImageManager.m */,
				7903F1AB160E3AB7000D3F3D /* WCSymbolScanner.h */,
				7903F1AC160E3AB7000D3F3D /* WCSymbolScanner.m */,
				7903F1AF160E3D62000D3F3D /* WCScanSymbolsOperation.h */,
				7903F1B0160E3D62000D3F3D /* WCScanSymbolsOperation.m */,
				7903F1D4160E794B000D3F3D /* Model */,
			);
			name = Symbols;
			sourceTree = "<group>";
		};
		7903F1D4160E794B000D3F3D /* Model */ = {
			isa = PBXGroup;
			children = (
				7903F1B6160E5FB5000D3F3D /* Symbols.xcdatamodeld */,
				7903F1FB160FB7F8000D3F3D /* Classes */,
			);
			name = Model;
			sourceTree = "<group>";
		};
		7903F1E5160EBF1F000D3F3D /* Resources */ = {
			isa = PBXGroup;
			children = (
				79DF87C1162B52A900818741 /* Fonts & Colors.png */,
				79DF87BC162A8E9D00818741 /* Text Editing.png */,
				7962BDEF16221899006D5A7A /* assembly.icns */,
				7962BDF016221899006D5A7A /* include.icns */,
				7962BDF116221899006D5A7A /* project.icns */,
				7962BDAF1620D838006D5A7A /* FindWrapIndicator.tiff */,
				7962BDB01620D838006D5A7A /* FindWrapIndicatorReverse.tiff */,
				7903F1E6160EBF3B000D3F3D /* GCJumpBarAccessorySeparator.png */,
				793D23011613DB4300742605 /* GCJumpBarAccessorySeparator@2x.png */,
				7903F1E8160EBF3B000D3F3D /* GCJumpBarSeparator.png */,
				793D23031613DB4700742605 /* GCJumpBarSeparator@2x.png */,
			);
			name = Resources;
			sourceTree = "<group>";
		};
		7903F1F7160FB2BA000D3F3D /* External */ = {
			isa = PBXGroup;
			children = (
				7903F1F8160FB2C3000D3F3D /* NSBezierPath+StrokeExtensions.h */,
				7903F1F9160FB2C3000D3F3D /* NSBezierPath+StrokeExtensions.m */,
			);
			name = External;
			sourceTree = "<group>";
		};
		7903F1FB160FB7F8000D3F3D /* Classes */ = {
			isa = PBXGroup;
			children = (
				7903F1D1160E6BB9000D3F3D /* Label.h */,
				7903F1D2160E6BB9000D3F3D /* Label.m */,
				7903F1CE160E6BB9000D3F3D /* Equate.h */,
				7903F1CF160E6BB9000D3F3D /* Equate.m */,
				7903F1C8160E6BB9000D3F3D /* Define.h */,
				7903F1C9160E6BB9000D3F3D /* Define.m */,
				7903F1FC160FB810000D3F3D /* Macro.h */,
				7903F1FD160FB810000D3F3D /* Macro.m */,
				79C92CEB1611136A00BB6CDC /* Symbol.h */,
				79C92CEC1611136A00BB6CDC /* Symbol.m */,
				79C92CE81611136900BB6CDC /* File.h */,
				79C92CE91611136900BB6CDC /* File.m */,
			);
			name = Classes;
			sourceTree = "<group>";
		};
		7939012C163AC18A00168CD5 /* machine */ = {
			isa = PBXGroup;
			children = (
			);
			name = machine;
			sourceTree = "<group>";
		};
		7959365E161637840085355E /* Folds */ = {
			isa = PBXGroup;
			children = (
				79593661161637A80085355E /* WCFoldScanner.h */,
				79593662161637A80085355E /* WCFoldScanner.m */,
				79593664161638390085355E /* WCScanFoldsOperation.h */,
				79593665161638390085355E /* WCScanFoldsOperation.m */,
				795936601616378D0085355E /* Model */,
			);
			name = Folds;
			sourceTree = "<group>";
		};
		795936601616378D0085355E /* Model */ = {
			isa = PBXGroup;
			children = (
				795936671616384B0085355E /* Folds.xcdatamodeld */,
				7959366A161639530085355E /* Classes */,
			);
			name = Model;
			sourceTree = "<group>";
		};
		7959366A161639530085355E /* Classes */ = {
			isa = PBXGroup;
			children = (
				7959366B161639720085355E /* Fold.h */,
				7959366C161639720085355E /* Fold.m */,
				7959366E16163F2B0085355E /* WCFoldMarker.h */,
				7959366F16163F2B0085355E /* WCFoldMarker.m */,
			);
			name = Classes;
			sourceTree = "<group>";
		};
		7962BDCE16215194006D5A7A /* WabbitEmu */ = {
			isa = PBXGroup;
			children = (
				7962BDDA16215194006D5A7A /* WEDocument.h */,
				7962BDDB16215194006D5A7A /* WEDocument.m */,
				7962BDDD16215194006D5A7A /* WEDocument.xib */,
				7962BDE016215195006D5A7A /* WEMainMenu.xib */,
				7962BDCF16215194006D5A7A /* Supporting Files */,
			);
			path = WabbitEmu;
			sourceTree = "<group>";
		};
		7962BDCF16215194006D5A7A /* Supporting Files */ = {
			isa = PBXGroup;
			children = (
				7962BDD016215194006D5A7A /* WabbitEmu-Info.plist */,
				7962BDD116215194006D5A7A /* InfoPlist.strings */,
				7962BDD416215194006D5A7A /* main.m */,
				7962BDD616215194006D5A7A /* WabbitEmu-Prefix.pch */,
				7962BDD716215194006D5A7A /* Credits.rtf */,
			);
			name = "Supporting Files";
			sourceTree = "<group>";
		};
		7962BDF51622445C006D5A7A /* Cells */ = {
			isa = PBXGroup;
			children = (
				7962BDF616224485006D5A7A /* WCTransparentButtonCell.h */,
				7962BDF716224485006D5A7A /* WCTransparentButtonCell.m */,
			);
			name = Cells;
			sourceTree = "<group>";
		};
		7962BDFE16225E18006D5A7A /* Jump In */ = {
			isa = PBXGroup;
			children = (
				7962BDFF16225E9E006D5A7A /* WCJumpInWindowController.h */,
				7962BE0016225E9E006D5A7A /* WCJumpInWindowController.m */,
				7962BE0816226D3A006D5A7A /* WCJumpInCellView.h */,
				7962BE0916226D3A006D5A7A /* WCJumpInCellView.m */,
				7962BE051622627C006D5A7A /* WCSearchFieldBackgroundView.h */,
				7962BE061622627C006D5A7A /* WCSearchFieldBackgroundView.m */,
			);
			name = "Jump In";
			sourceTree = "<group>";
		};
		7966A00C162620D300EEA711 /* Preferences */ = {
			isa = PBXGroup;
			children = (
				79DF87B0162A8CCF00818741 /* WCPreferencesWindowController.h */,
				79DF87B1162A8CCF00818741 /* WCPreferencesWindowController.m */,
				79DF87B3162A8D0C00818741 /* WCGeneralViewController.h */,
				79DF87B4162A8D0C00818741 /* WCGeneralViewController.m */,
				79DF87B6162A8D3000818741 /* WCTextEditingViewController.h */,
				79DF87B7162A8D3000818741 /* WCTextEditingViewController.m */,
				79DF87C3162B52C200818741 /* WCFontsAndColorsViewController.h */,
				79DF87C4162B52C200818741 /* WCFontsAndColorsViewController.m */,
			);
			name = Preferences;
			sourceTree = "<group>";
		};
		79710682160B5C4700C4951A /* Headers */ = {
			isa = PBXGroup;
			children = (
				79710684160B5CAD00C4951A /* WCDefines.h */,
				7903F1E4160EB928000D3F3D /* WCGeometry.h */,
			);
			name = Headers;
			sourceTree = "<group>";
		};
		79968C981608DB4600F139BC = {
			isa = PBXGroup;
			children = (
				79DF87A6162A8C6500818741 /* MASPreferences */,
				79968CAF1608DB7A00F139BC /* WabbitCode */,
				7962BDCE16215194006D5A7A /* WabbitEmu */,
				79968CA81608DB7A00F139BC /* Frameworks */,
				79968CA61608DB7A00F139BC /* Products */,
			);
			sourceTree = "<group>";
		};
		79968CA61608DB7A00F139BC /* Products */ = {
			isa = PBXGroup;
			children = (
				79968CA51608DB7A00F139BC /* WabbitCode.app */,
				7962BDCB16215194006D5A7A /* WabbitEmu.app */,
			);
			name = Products;
			sourceTree = "<group>";
		};
		79968CA81608DB7A00F139BC /* Frameworks */ = {
			isa = PBXGroup;
			children = (
				79C92CD71610E9C800BB6CDC /* QuartzCore.framework */,
				79968CA91608DB7A00F139BC /* Cocoa.framework */,
				79968CAB1608DB7A00F139BC /* Other Frameworks */,
			);
			name = Frameworks;
			sourceTree = "<group>";
		};
		79968CAB1608DB7A00F139BC /* Other Frameworks */ = {
			isa = PBXGroup;
			children = (
				79968CAC1608DB7A00F139BC /* AppKit.framework */,
				79968CAD1608DB7A00F139BC /* CoreData.framework */,
				79968CAE1608DB7A00F139BC /* Foundation.framework */,
			);
			name = "Other Frameworks";
			sourceTree = "<group>";
		};
		79968CAF1608DB7A00F139BC /* WabbitCode */ = {
			isa = PBXGroup;
			children = (
				79710682160B5C4700C4951A /* Headers */,
				79968CD91608E96100F139BC /* Categories */,
				79968CCF1608E06900F139BC /* Classes */,
				7903F1E5160EBF1F000D3F3D /* Resources */,
				79968CD01608E07500F139BC /* Xibs */,
				79968CB01608DB7A00F139BC /* Supporting Files */,
			);
			path = WabbitCode;
			sourceTree = "<group>";
		};
		79968CB01608DB7A00F139BC /* Supporting Files */ = {
			isa = PBXGroup;
			children = (
				79968CB11608DB7A00F139BC /* WabbitCode-Info.plist */,
				79968CB21608DB7A00F139BC /* InfoPlist.strings */,
				79968CB51608DB7A00F139BC /* main.m */,
				79968CB71608DB7A00F139BC /* WabbitCode-Prefix.pch */,
				79968CB81608DB7A00F139BC /* Credits.rtf */,
			);
			name = "Supporting Files";
			sourceTree = "<group>";
		};
		79968CCF1608E06900F139BC /* Classes */ = {
			isa = PBXGroup;
			children = (
				79968CCC1608E05F00F139BC /* WCAppDelegate.h */,
				79968CCD1608E05F00F139BC /* WCAppDelegate.m */,
				7962BDA61620A5A8006D5A7A /* WCMenuController.h */,
				7962BDA71620A5A8006D5A7A /* WCMenuController.m */,
				795F5B591637717400C70449 /* WCDocumentController.h */,
				795F5B5A1637717400C70449 /* WCDocumentController.m */,
				7962BDB9162123D6006D5A7A /* WCExtendedAttributesManager.h */,
				7962BDBA162123D7006D5A7A /* WCExtendedAttributesManager.m */,
				79DE43401638C046003D56EA /* Project */,
				79FE36041619438A00DB7C6D /* Documents */,
				79FE3606161943A000DB7C6D /* Window Controllers */,
				79FE36051619439500DB7C6D /* View Controllers */,
				79FE36021619435A00DB7C6D /* Windows */,
				79FE36011619435100DB7C6D /* Views */,
				7962BDF51622445C006D5A7A /* Cells */,
				79FE35FF1619431100DB7C6D /* Editor */,
			);
			name = Classes;
			sourceTree = "<group>";
		};
		79968CD01608E07500F139BC /* Xibs */ = {
			isa = PBXGroup;
			children = (
				79968CBE1608DB7A00F139BC /* WCSourceFileWindow.xib */,
				79968CC11608DB7A00F139BC /* WCMainMenu.xib */,
				7973D6D9160CF8DF004EDE62 /* WCTextView.xib */,
				7962BE0216225FB1006D5A7A /* WCJumpInWindow.xib */,
				79DF87B9162A8E1A00818741 /* WCGeneralView.xib */,
				79DF87BE162A8ED100818741 /* WCTextEditingView.xib */,
				79DF87C6162B52F400818741 /* WCFontsAndColorsView.xib */,
			);
			name = Xibs;
			sourceTree = "<group>";
		};
		79968CD91608E96100F139BC /* Categories */ = {
			isa = PBXGroup;
			children = (
				793D23051613E2C000742605 /* NSURL+WCExtensions.h */,
				793D23061613E2C000742605 /* NSURL+WCExtensions.m */,
				79968CDA1608E97400F139BC /* NSColor+WCExtensions.h */,
				79968CDB1608E97400F139BC /* NSColor+WCExtensions.m */,
				79968CED1608FB6500F139BC /* NSArray+WCExtensions.h */,
				79968CEE1608FB6500F139BC /* NSArray+WCExtensions.m */,
				79129111160AB1C200ADFAB5 /* NSParagraphStyle+WCExtensions.h */,
				79129112160AB1C200ADFAB5 /* NSParagraphStyle+WCExtensions.m */,
				7973D6DC160CFC7B004EDE62 /* NSTextView+WCExtensions.h */,
				7973D6DD160CFC7B004EDE62 /* NSTextView+WCExtensions.m */,
				7903F1D5160E7F74000D3F3D /* NSString+WCExtensions.h */,
				7903F1D6160E7F74000D3F3D /* NSString+WCExtensions.m */,
				7962BD97161FD689006D5A7A /* NSEvent+WCExtensions.h */,
				7962BD98161FD689006D5A7A /* NSEvent+WCExtensions.m */,
				7962BDE916220042006D5A7A /* NSView+WCExtensions.h */,
				7962BDEA16220042006D5A7A /* NSView+WCExtensions.m */,
				7962BDEC162207C7006D5A7A /* NSObject+WCExtensions.h */,
				7962BDED162207C7006D5A7A /* NSObject+WCExtensions.m */,
				7948439D162A0B57007903BE /* NSAttributedString+WCExtensions.h */,
				7948439E162A0B57007903BE /* NSAttributedString+WCExtensions.m */,
				797E92FA1631B6EB00F7851A /* NSImage+WCExtensions.h */,
				797E92FB1631B6EB00F7851A /* NSImage+WCExtensions.m */,
				79FDAE6F1633173900FC9CF3 /* NSUserDefaults+WCExtensions.h */,
				79FDAE701633173900FC9CF3 /* NSUserDefaults+WCExtensions.m */,
				7903F1F7160FB2BA000D3F3D /* External */,
			);
			name = Categories;
			sourceTree = "<group>";
		};
		79A87C20161DF39000C1A568 /* Model */ = {
			isa = PBXGroup;
			children = (
				794843881629CC5E007903BE /* Completions.json */,
				79A87C23161DF3BA00C1A568 /* Completions.xcdatamodeld */,
				79A87C22161DF39B00C1A568 /* Classes */,
			);
			name = Model;
			sourceTree = "<group>";
		};
		79A87C22161DF39B00C1A568 /* Classes */ = {
			isa = PBXGroup;
			children = (
				794843911629F8FD007903BE /* _Completion.h */,
				794843921629F8FD007903BE /* _Completion.m */,
				794843931629F8FD007903BE /* _Placeholder.h */,
				794843941629F8FD007903BE /* _Placeholder.m */,
				794843951629F8FD007903BE /* Completion.h */,
				794843961629F8FD007903BE /* Completion.m */,
				794843971629F8FD007903BE /* Placeholder.h */,
				794843981629F8FD007903BE /* Placeholder.m */,
			);
			name = Classes;
			sourceTree = "<group>";
		};
		79DE43401638C046003D56EA /* Project */ = {
			isa = PBXGroup;
			children = (
				7939015D163B673100168CD5 /* WCProjectDocument.h */,
				7939015E163B673100168CD5 /* WCProjectDocument.m */,
				79DE43421638C051003D56EA /* Model */,
			);
			name = Project;
			sourceTree = "<group>";
		};
		79DE43421638C051003D56EA /* Model */ = {
			isa = PBXGroup;
			children = (
				79DE43441638C09E003D56EA /* Projects.xcdatamodeld */,
				79DE43431638C056003D56EA /* Classes */,
			);
			name = Model;
			sourceTree = "<group>";
		};
		79DE43431638C056003D56EA /* Classes */ = {
			isa = PBXGroup;
			children = (
				7939012C163AC18A00168CD5 /* machine */,
			);
			name = Classes;
			sourceTree = "<group>";
		};
		79DF87A6162A8C6500818741 /* MASPreferences */ = {
			isa = PBXGroup;
			children = (
				79DF87A8162A8C8200818741 /* MASPreferencesViewController.h */,
				79DF87A9162A8C8200818741 /* MASPreferencesWindow.xib */,
				79DF87AA162A8C8200818741 /* MASPreferencesWindowController.h */,
				79DF87AB162A8C8200818741 /* MASPreferencesWindowController.m */,
			);
			path = MASPreferences;
			sourceTree = "<group>";
		};
		79FE35FF1619431100DB7C6D /* Editor */ = {
			isa = PBXGroup;
			children = (
				7962BDFE16225E18006D5A7A /* Jump In */,
				79FE36031619436C00DB7C6D /* Completion */,
				79FE36081619442800DB7C6D /* Model */,
				79FE36091619443100DB7C6D /* Layout */,
				79FE360A1619443F00DB7C6D /* Views */,
				79FE360B1619447800DB7C6D /* Cells */,
			);
			name = Editor;
			sourceTree = "<group>";
		};
		79FE36011619435100DB7C6D /* Views */ = {
			isa = PBXGroup;
			children = (
				79C92CEE161144B500BB6CDC /* WCTableView.h */,
				79C92CEF161144B600BB6CDC /* WCTableView.m */,
				79FE3607161943AF00DB7C6D /* Jump Bar */,
			);
			name = Views;
			sourceTree = "<group>";
		};
		79FE36021619435A00DB7C6D /* Windows */ = {
			isa = PBXGroup;
			children = (
				7973D6E2160D2274004EDE62 /* WCToolTipWindow.h */,
				7973D6E3160D2274004EDE62 /* WCToolTipWindow.m */,
				7962BD9B161FDD3E006D5A7A /* WCWindow.h */,
				7962BD9C161FDD3E006D5A7A /* WCWindow.m */,
				7962BDA91620C13C006D5A7A /* WCHUDStatusWindow.h */,
				7962BDAA1620C13C006D5A7A /* WCHUDStatusWindow.m */,
				7962BDAC1620C4F8006D5A7A /* WCHUDStatusContentView.h */,
				7962BDAD1620C4F8006D5A7A /* WCHUDStatusContentView.m */,
			);
			name = Windows;
			sourceTree = "<group>";
		};
		79FE36031619436C00DB7C6D /* Completion */ = {
			isa = PBXGroup;
			children = (
				79C92CC81610AE3D00BB6CDC /* WCCompletionWindow.h */,
				79C92CC91610AE3D00BB6CDC /* WCCompletionWindow.m */,
				79C92CF116114A1300BB6CDC /* WCCompletionItem.h */,
				79C92CF216114A1300BB6CDC /* WCCompletionItem.m */,
				7948438E1629E141007903BE /* WCCompletionsImageManager.h */,
				7948438F1629E142007903BE /* WCCompletionsImageManager.m */,
				79A87C20161DF39000C1A568 /* Model */,
			);
			name = Completion;
			sourceTree = "<group>";
		};
		79FE36041619438A00DB7C6D /* Documents */ = {
			isa = PBXGroup;
			children = (
				79968CBB1608DB7A00F139BC /* WCSourceFileDocument.h */,
				79968CBC1608DB7A00F139BC /* WCSourceFileDocument.m */,
			);
			name = Documents;
			sourceTree = "<group>";
		};
		79FE36051619439500DB7C6D /* View Controllers */ = {
			isa = PBXGroup;
			children = (
				7973D6D2160CF7F4004EDE62 /* WCViewController.h */,
				7973D6D3160CF7F4004EDE62 /* WCViewController.m */,
				7973D6D6160CF83A004EDE62 /* WCTextViewController.h */,
				7973D6D7160CF83A004EDE62 /* WCTextViewController.m */,
			);
			name = "View Controllers";
			sourceTree = "<group>";
		};
		79FE3606161943A000DB7C6D /* Window Controllers */ = {
			isa = PBXGroup;
			children = (
				793D2362161511C600742605 /* WCSourceFileWindowController.h */,
				793D2363161511C700742605 /* WCSourceFileWindowController.m */,
				7966A00C162620D300EEA711 /* Preferences */,
			);
			name = "Window Controllers";
			sourceTree = "<group>";
		};
		79FE3607161943AF00DB7C6D /* Jump Bar */ = {
			isa = PBXGroup;
			children = (
				7903F1DB160EB4C9000D3F3D /* WCJumpBarControl.h */,
				7903F1DC160EB4C9000D3F3D /* WCJumpBarControl.m */,
				7903F1DE160EB796000D3F3D /* WCJumpBarCell.h */,
				7903F1DF160EB797000D3F3D /* WCJumpBarCell.m */,
				7903F1E1160EB89A000D3F3D /* WCJumpBarComponentCell.h */,
				7903F1E2160EB89A000D3F3D /* WCJumpBarComponentCell.m */,
				7903F1F1160F735C000D3F3D /* WCJumpBarBackgroundView.h */,
				7903F1F2160F735D000D3F3D /* WCJumpBarBackgroundView.m */,
			);
			name = "Jump Bar";
			sourceTree = "<group>";
		};
		79FE36081619442800DB7C6D /* Model */ = {
			isa = PBXGroup;
			children = (
				7973D6DF160CFD57004EDE62 /* WCSyntaxHighlighter.h */,
				7973D6E0160CFD57004EDE62 /* WCSyntaxHighlighter.m */,
				793D2368161554BB00742605 /* WCTextStorage.h */,
				793D2369161554BB00742605 /* WCTextStorage.m */,
				79FE36EB161A413A00DB7C6D /* Bookmarks */,
				7959365E161637840085355E /* Folds */,
				7903F1B5160E5F72000D3F3D /* Symbols */,
			);
			name = Model;
			sourceTree = "<group>";
		};
		79FE36091619443100DB7C6D /* Layout */ = {
			isa = PBXGroup;
			children = (
				793D236B161557D000742605 /* WCLayoutManager.h */,
				793D236C161557D100742605 /* WCLayoutManager.m */,
				793D236E1615584C00742605 /* WCTypesetter.h */,
				793D236F1615584D00742605 /* WCTypesetter.m */,
				793D23711615597900742605 /* WCGlyphGenerator.h */,
				793D23721615597A00742605 /* WCGlyphGenerator.m */,
			);
			name = Layout;
			sourceTree = "<group>";
		};
		79FE360A1619443F00DB7C6D /* Views */ = {
			isa = PBXGroup;
			children = (
				79968CD51608E91100F139BC /* WCLineNumberView.h */,
				79968CD61608E91100F139BC /* WCLineNumberView.m */,
				79FC76A41618029F006B9DC3 /* WCFoldView.h */,
				79FC76A51618029F006B9DC3 /* WCFoldView.m */,
				79129118160ABD5100ADFAB5 /* WCTextView.h */,
				79129119160ABD5100ADFAB5 /* WCTextView.m */,
				79FE36F8161A69E700DB7C6D /* WCBookmarkScroller.h */,
				79FE36F9161A69E700DB7C6D /* WCBookmarkScroller.m */,
			);
			name = Views;
			sourceTree = "<group>";
		};
		79FE360B1619447800DB7C6D /* Cells */ = {
			isa = PBXGroup;
			children = (
				7903F205160FDE9D000D3F3D /* WCArgumentPlaceholderCell.h */,
				7903F206160FDE9D000D3F3D /* WCArgumentPlaceholderCell.m */,
				793D237416155C3F00742605 /* WCFoldCell.h */,
				793D237516155C4000742605 /* WCFoldCell.m */,
			);
			name = Cells;
			sourceTree = "<group>";
		};
		79FE36EB161A413A00DB7C6D /* Bookmarks */ = {
			isa = PBXGroup;
			children = (
				79FE36F5161A421C00DB7C6D /* WCBookmarkManager.h */,
				79FE36F6161A421C00DB7C6D /* WCBookmarkManager.m */,
				79FE36F4161A41F700DB7C6D /* Model */,
			);
			name = Bookmarks;
			sourceTree = "<group>";
		};
		79FE36F0161A41BA00DB7C6D /* Classes */ = {
			isa = PBXGroup;
			children = (
				79FE36F1161A41C900DB7C6D /* Bookmark.h */,
				79FE36F2161A41C900DB7C6D /* Bookmark.m */,
			);
			name = Classes;
			sourceTree = "<group>";
		};
		79FE36F4161A41F700DB7C6D /* Model */ = {
			isa = PBXGroup;
			children = (
				79FE36ED161A416500DB7C6D /* Bookmarks.xcdatamodeld */,
				79FE36F0161A41BA00DB7C6D /* Classes */,
			);
			name = Model;
			sourceTree = "<group>";
		};
/* End PBXGroup section */

/* Begin PBXNativeTarget section */
		7962BDCA16215194006D5A7A /* WabbitEmu */ = {
			isa = PBXNativeTarget;
			buildConfigurationList = 7962BDE316215195006D5A7A /* Build configuration list for PBXNativeTarget "WabbitEmu" */;
			buildPhases = (
				7962BDC716215194006D5A7A /* Sources */,
				7962BDC816215194006D5A7A /* Frameworks */,
				7962BDC916215194006D5A7A /* Resources */,
			);
			buildRules = (
			);
			dependencies = (
			);
			name = WabbitEmu;
			productName = WabbitEmu;
			productReference = 7962BDCB16215194006D5A7A /* WabbitEmu.app */;
			productType = "com.apple.product-type.application";
		};
		79968CA41608DB7A00F139BC /* WabbitCode */ = {
			isa = PBXNativeTarget;
			buildConfigurationList = 79968CC41608DB7A00F139BC /* Build configuration list for PBXNativeTarget "WabbitCode" */;
			buildPhases = (
				79968CA11608DB7A00F139BC /* Sources */,
				79968CA21608DB7A00F139BC /* Frameworks */,
				79968CA31608DB7A00F139BC /* Resources */,
			);
			buildRules = (
			);
			dependencies = (
			);
			name = WabbitCode;
			productName = WabbitCode;
			productReference = 79968CA51608DB7A00F139BC /* WabbitCode.app */;
			productType = "com.apple.product-type.application";
		};
/* End PBXNativeTarget section */

/* Begin PBXProject section */
		79968C9A1608DB4600F139BC /* Project object */ = {
			isa = PBXProject;
			attributes = {
				LastUpgradeCheck = 0450;
				ORGANIZATIONNAME = "William Towe";
			};
			buildConfigurationList = 79968C9D1608DB4600F139BC /* Build configuration list for PBXProject "WabbitStudio" */;
			compatibilityVersion = "Xcode 3.2";
			developmentRegion = English;
			hasScannedForEncodings = 0;
			knownRegions = (
				en,
			);
			mainGroup = 79968C981608DB4600F139BC;
			productRefGroup = 79968CA61608DB7A00F139BC /* Products */;
			projectDirPath = "";
			projectRoot = "";
			targets = (
				79968CA41608DB7A00F139BC /* WabbitCode */,
				7962BDCA16215194006D5A7A /* WabbitEmu */,
			);
		};
/* End PBXProject section */

/* Begin PBXResourcesBuildPhase section */
		7962BDC916215194006D5A7A /* Resources */ = {
			isa = PBXResourcesBuildPhase;
			buildActionMask = 2147483647;
			files = (
				7962BDD316215194006D5A7A /* InfoPlist.strings in Resources */,
				7962BDD916215194006D5A7A /* Credits.rtf in Resources */,
				7962BDDF16215194006D5A7A /* WEDocument.xib in Resources */,
				7962BDE216215195006D5A7A /* WEMainMenu.xib in Resources */,
				79DF87AD162A8C8200818741 /* MASPreferencesWindow.xib in Resources */,
			);
			runOnlyForDeploymentPostprocessing = 0;
		};
		79968CA31608DB7A00F139BC /* Resources */ = {
			isa = PBXResourcesBuildPhase;
			buildActionMask = 2147483647;
			files = (
				79968CB41608DB7A00F139BC /* InfoPlist.strings in Resources */,
				79968CBA1608DB7A00F139BC /* Credits.rtf in Resources */,
				79968CC01608DB7A00F139BC /* WCSourceFileWindow.xib in Resources */,
				79968CC31608DB7A00F139BC /* WCMainMenu.xib in Resources */,
				7973D6DB160CF8DF004EDE62 /* WCTextView.xib in Resources */,
				7903F1EA160EBF3B000D3F3D /* GCJumpBarAccessorySeparator.png in Resources */,
				7903F1EC160EBF3B000D3F3D /* GCJumpBarSeparator.png in Resources */,
				793D23021613DB4300742605 /* GCJumpBarAccessorySeparator@2x.png in Resources */,
				793D23041613DB4700742605 /* GCJumpBarSeparator@2x.png in Resources */,
				7962BDB11620D838006D5A7A /* FindWrapIndicator.tiff in Resources */,
				7962BDB21620D838006D5A7A /* FindWrapIndicatorReverse.tiff in Resources */,
				7962BDF216221899006D5A7A /* assembly.icns in Resources */,
				7962BDF316221899006D5A7A /* include.icns in Resources */,
				7962BDF416221899006D5A7A /* project.icns in Resources */,
				7962BE0416225FB1006D5A7A /* WCJumpInWindow.xib in Resources */,
				794843891629CC5E007903BE /* Completions.json in Resources */,
				79DF87AC162A8C8200818741 /* MASPreferencesWindow.xib in Resources */,
				79DF87BB162A8E1A00818741 /* WCGeneralView.xib in Resources */,
				79DF87BD162A8E9D00818741 /* Text Editing.png in Resources */,
				79DF87C0162A8ED100818741 /* WCTextEditingView.xib in Resources */,
				79DF87C2162B52A900818741 /* Fonts & Colors.png in Resources */,
				79DF87C8162B52F400818741 /* WCFontsAndColorsView.xib in Resources */,
			);
			runOnlyForDeploymentPostprocessing = 0;
		};
/* End PBXResourcesBuildPhase section */

/* Begin PBXSourcesBuildPhase section */
		7962BDC716215194006D5A7A /* Sources */ = {
			isa = PBXSourcesBuildPhase;
			buildActionMask = 2147483647;
			files = (
				7962BDD516215194006D5A7A /* main.m in Sources */,
				7962BDDC16215194006D5A7A /* WEDocument.m in Sources */,
				79DF87AF162A8C8200818741 /* MASPreferencesWindowController.m in Sources */,
			);
			runOnlyForDeploymentPostprocessing = 0;
		};
		79968CA11608DB7A00F139BC /* Sources */ = {
			isa = PBXSourcesBuildPhase;
			buildActionMask = 2147483647;
			files = (
				79968CB61608DB7A00F139BC /* main.m in Sources */,
				79968CBD1608DB7A00F139BC /* WCSourceFileDocument.m in Sources */,
				79968CCE1608E05F00F139BC /* WCAppDelegate.m in Sources */,
				79968CD71608E91100F139BC /* WCLineNumberView.m in Sources */,
				79968CDC1608E97400F139BC /* NSColor+WCExtensions.m in Sources */,
				79968CEF1608FB6500F139BC /* NSArray+WCExtensions.m in Sources */,
				79129113160AB1C200ADFAB5 /* NSParagraphStyle+WCExtensions.m in Sources */,
				7912911A160ABD5100ADFAB5 /* WCTextView.m in Sources */,
				7973D6D4160CF7F4004EDE62 /* WCViewController.m in Sources */,
				7973D6D8160CF83A004EDE62 /* WCTextViewController.m in Sources */,
				7973D6DE160CFC7B004EDE62 /* NSTextView+WCExtensions.m in Sources */,
				7973D6E1160CFD57004EDE62 /* WCSyntaxHighlighter.m in Sources */,
				7973D6E4160D2274004EDE62 /* WCToolTipWindow.m in Sources */,
				7903F1AD160E3AB7000D3F3D /* WCSymbolScanner.m in Sources */,
				7903F1B1160E3D62000D3F3D /* WCScanSymbolsOperation.m in Sources */,
				7903F1B8160E5FB5000D3F3D /* Symbols.xcdatamodeld in Sources */,
				7903F1CA160E6BB9000D3F3D /* Define.m in Sources */,
				7903F1D0160E6BB9000D3F3D /* Equate.m in Sources */,
				7903F1D3160E6BB9000D3F3D /* Label.m in Sources */,
				7903F1D7160E7F74000D3F3D /* NSString+WCExtensions.m in Sources */,
				7903F1DD160EB4C9000D3F3D /* WCJumpBarControl.m in Sources */,
				7903F1E0160EB797000D3F3D /* WCJumpBarCell.m in Sources */,
				7903F1E3160EB89A000D3F3D /* WCJumpBarComponentCell.m in Sources */,
				7903F1F3160F735D000D3F3D /* WCJumpBarBackgroundView.m in Sources */,
				7903F1F6160FAE08000D3F3D /* WCSymbolImageManager.m in Sources */,
				7903F1FA160FB323000D3F3D /* NSBezierPath+StrokeExtensions.m in Sources */,
				7903F1FE160FB810000D3F3D /* Macro.m in Sources */,
				7903F207160FDE9E000D3F3D /* WCArgumentPlaceholderCell.m in Sources */,
				79C92CCA1610AE3D00BB6CDC /* WCCompletionWindow.m in Sources */,
				79C92CEA1611136900BB6CDC /* File.m in Sources */,
				79C92CED1611136A00BB6CDC /* Symbol.m in Sources */,
				79C92CF0161144B600BB6CDC /* WCTableView.m in Sources */,
				79C92CF316114A1300BB6CDC /* WCCompletionItem.m in Sources */,
				793D23071613E2C000742605 /* NSURL+WCExtensions.m in Sources */,
				793D2364161511C700742605 /* WCSourceFileWindowController.m in Sources */,
				793D236A161554BD00742605 /* WCTextStorage.m in Sources */,
				793D236D161557D100742605 /* WCLayoutManager.m in Sources */,
				793D23701615584F00742605 /* WCTypesetter.m in Sources */,
				793D23731615597B00742605 /* WCGlyphGenerator.m in Sources */,
				793D237616155C4200742605 /* WCFoldCell.m in Sources */,
				79593663161637A80085355E /* WCFoldScanner.m in Sources */,
				79593666161638390085355E /* WCScanFoldsOperation.m in Sources */,
				795936691616384B0085355E /* Folds.xcdatamodeld in Sources */,
				7959366D161639720085355E /* Fold.m in Sources */,
				7959367016163F2B0085355E /* WCFoldMarker.m in Sources */,
				79FC76A61618029F006B9DC3 /* WCFoldView.m in Sources */,
				79FE360E161945B400DB7C6D /* WCSymbolHighlighter.m in Sources */,
				79FE36EF161A416500DB7C6D /* Bookmarks.xcdatamodeld in Sources */,
				79FE36F3161A41C900DB7C6D /* Bookmark.m in Sources */,
				79FE36F7161A421C00DB7C6D /* WCBookmarkManager.m in Sources */,
				79FE36FA161A69E800DB7C6D /* WCBookmarkScroller.m in Sources */,
				79A87C25161DF3BA00C1A568 /* Completions.xcdatamodeld in Sources */,
				7962BD99161FD689006D5A7A /* NSEvent+WCExtensions.m in Sources */,
				7962BD9D161FDD3E006D5A7A /* WCWindow.m in Sources */,
				7962BDA81620A5A8006D5A7A /* WCMenuController.m in Sources */,
				7962BDAB1620C13C006D5A7A /* WCHUDStatusWindow.m in Sources */,
				7962BDAE1620C4F8006D5A7A /* WCHUDStatusContentView.m in Sources */,
				7962BDBB162123D8006D5A7A /* WCExtendedAttributesManager.m in Sources */,
				7962BDEB16220042006D5A7A /* NSView+WCExtensions.m in Sources */,
				7962BDEE162207C7006D5A7A /* NSObject+WCExtensions.m in Sources */,
				7962BDF816224485006D5A7A /* WCTransparentButtonCell.m in Sources */,
				7962BE0116225E9E006D5A7A /* WCJumpInWindowController.m in Sources */,
				7962BE071622627D006D5A7A /* WCSearchFieldBackgroundView.m in Sources */,
				7962BE0A16226D3B006D5A7A /* WCJumpInCellView.m in Sources */,
				794843901629E142007903BE /* WCCompletionsImageManager.m in Sources */,
				794843991629F8FD007903BE /* _Completion.m in Sources */,
				7948439A1629F8FD007903BE /* _Placeholder.m in Sources */,
				7948439B1629F8FD007903BE /* Completion.m in Sources */,
				7948439C1629F8FD007903BE /* Placeholder.m in Sources */,
				7948439F162A0B57007903BE /* NSAttributedString+WCExtensions.m in Sources */,
				79DF87AE162A8C8200818741 /* MASPreferencesWindowController.m in Sources */,
				79DF87B2162A8CCF00818741 /* WCPreferencesWindowController.m in Sources */,
				79DF87B5162A8D0C00818741 /* WCGeneralViewController.m in Sources */,
				79DF87B8162A8D3000818741 /* WCTextEditingViewController.m in Sources */,
				79DF87C5162B52C300818741 /* WCFontsAndColorsViewController.m in Sources */,
				797E92FC1631B6EC00F7851A /* NSImage+WCExtensions.m in Sources */,
				79FDAE711633173900FC9CF3 /* NSUserDefaults+WCExtensions.m in Sources */,
				795F5B5B1637717400C70449 /* WCDocumentController.m in Sources */,
				79DE43461638C09E003D56EA /* Projects.xcdatamodeld in Sources */,
				79390160163B673100168CD5 /* WCProjectDocument.m in Sources */,
			);
			runOnlyForDeploymentPostprocessing = 0;
		};
/* End PBXSourcesBuildPhase section */

/* Begin PBXVariantGroup section */
		7962BDD116215194006D5A7A /* InfoPlist.strings */ = {
			isa = PBXVariantGroup;
			children = (
				7962BDD216215194006D5A7A /* en */,
			);
			name = InfoPlist.strings;
			sourceTree = "<group>";
		};
		7962BDD716215194006D5A7A /* Credits.rtf */ = {
			isa = PBXVariantGroup;
			children = (
				7962BDD816215194006D5A7A /* en */,
			);
			name = Credits.rtf;
			sourceTree = "<group>";
		};
		7962BDDD16215194006D5A7A /* WEDocument.xib */ = {
			isa = PBXVariantGroup;
			children = (
				7962BDDE16215194006D5A7A /* en */,
			);
			name = WEDocument.xib;
			sourceTree = "<group>";
		};
		7962BDE016215195006D5A7A /* WEMainMenu.xib */ = {
			isa = PBXVariantGroup;
			children = (
				7962BDE116215195006D5A7A /* en */,
			);
			name = WEMainMenu.xib;
			sourceTree = "<group>";
		};
		7962BE0216225FB1006D5A7A /* WCJumpInWindow.xib */ = {
			isa = PBXVariantGroup;
			children = (
				7962BE0316225FB1006D5A7A /* en */,
			);
			name = WCJumpInWindow.xib;
			sourceTree = "<group>";
		};
		7973D6D9160CF8DF004EDE62 /* WCTextView.xib */ = {
			isa = PBXVariantGroup;
			children = (
				7973D6DA160CF8DF004EDE62 /* en */,
			);
			name = WCTextView.xib;
			sourceTree = "<group>";
		};
		79968CB21608DB7A00F139BC /* InfoPlist.strings */ = {
			isa = PBXVariantGroup;
			children = (
				79968CB31608DB7A00F139BC /* en */,
			);
			name = InfoPlist.strings;
			sourceTree = "<group>";
		};
		79968CB81608DB7A00F139BC /* Credits.rtf */ = {
			isa = PBXVariantGroup;
			children = (
				79968CB91608DB7A00F139BC /* en */,
			);
			name = Credits.rtf;
			sourceTree = "<group>";
		};
		79968CBE1608DB7A00F139BC /* WCSourceFileWindow.xib */ = {
			isa = PBXVariantGroup;
			children = (
				79968CBF1608DB7A00F139BC /* en */,
			);
			name = WCSourceFileWindow.xib;
			sourceTree = "<group>";
		};
		79968CC11608DB7A00F139BC /* WCMainMenu.xib */ = {
			isa = PBXVariantGroup;
			children = (
				79968CC21608DB7A00F139BC /* en */,
			);
			name = WCMainMenu.xib;
			sourceTree = "<group>";
		};
		79DF87B9162A8E1A00818741 /* WCGeneralView.xib */ = {
			isa = PBXVariantGroup;
			children = (
				79DF87BA162A8E1A00818741 /* en */,
			);
			name = WCGeneralView.xib;
			sourceTree = "<group>";
		};
		79DF87BE162A8ED100818741 /* WCTextEditingView.xib */ = {
			isa = PBXVariantGroup;
			children = (
				79DF87BF162A8ED100818741 /* en */,
			);
			name = WCTextEditingView.xib;
			sourceTree = "<group>";
		};
		79DF87C6162B52F400818741 /* WCFontsAndColorsView.xib */ = {
			isa = PBXVariantGroup;
			children = (
				79DF87C7162B52F400818741 /* en */,
			);
			name = WCFontsAndColorsView.xib;
			sourceTree = "<group>";
		};
/* End PBXVariantGroup section */

/* Begin XCBuildConfiguration section */
		7962BDE416215195006D5A7A /* Debug */ = {
			isa = XCBuildConfiguration;
			buildSettings = {
				ALWAYS_SEARCH_USER_PATHS = NO;
				ARCHS = "$(ARCHS_STANDARD_64_BIT)";
				CLANG_CXX_LANGUAGE_STANDARD = "gnu++0x";
				CLANG_CXX_LIBRARY = "libc++";
				CLANG_ENABLE_OBJC_ARC = YES;
				CLANG_WARN_EMPTY_BODY = YES;
				CLANG_WARN__DUPLICATE_METHOD_MATCH = YES;
				COMBINE_HIDPI_IMAGES = YES;
				COPY_PHASE_STRIP = NO;
				GCC_C_LANGUAGE_STANDARD = gnu99;
				GCC_DYNAMIC_NO_PIC = NO;
				GCC_ENABLE_OBJC_EXCEPTIONS = YES;
				GCC_OPTIMIZATION_LEVEL = 0;
				GCC_PRECOMPILE_PREFIX_HEADER = YES;
				GCC_PREFIX_HEADER = "WabbitEmu/WabbitEmu-Prefix.pch";
				GCC_PREPROCESSOR_DEFINITIONS = (
					"DEBUG=1",
					"$(inherited)",
				);
				GCC_SYMBOLS_PRIVATE_EXTERN = NO;
				GCC_WARN_64_TO_32_BIT_CONVERSION = YES;
				GCC_WARN_ABOUT_RETURN_TYPE = YES;
				GCC_WARN_UNINITIALIZED_AUTOS = YES;
				GCC_WARN_UNUSED_VARIABLE = YES;
				INFOPLIST_FILE = "WabbitEmu/WabbitEmu-Info.plist";
				MACOSX_DEPLOYMENT_TARGET = 10.7;
				ONLY_ACTIVE_ARCH = YES;
				PRODUCT_NAME = "$(TARGET_NAME)";
				SDKROOT = macosx;
				WRAPPER_EXTENSION = app;
			};
			name = Debug;
		};
		7962BDE516215195006D5A7A /* Release */ = {
			isa = XCBuildConfiguration;
			buildSettings = {
				ALWAYS_SEARCH_USER_PATHS = NO;
				ARCHS = "$(ARCHS_STANDARD_64_BIT)";
				CLANG_CXX_LANGUAGE_STANDARD = "gnu++0x";
				CLANG_CXX_LIBRARY = "libc++";
				CLANG_ENABLE_OBJC_ARC = YES;
				CLANG_WARN_EMPTY_BODY = YES;
				CLANG_WARN__DUPLICATE_METHOD_MATCH = YES;
				COMBINE_HIDPI_IMAGES = YES;
				COPY_PHASE_STRIP = YES;
				DEBUG_INFORMATION_FORMAT = "dwarf-with-dsym";
				GCC_C_LANGUAGE_STANDARD = gnu99;
				GCC_ENABLE_OBJC_EXCEPTIONS = YES;
				GCC_PRECOMPILE_PREFIX_HEADER = YES;
				GCC_PREFIX_HEADER = "WabbitEmu/WabbitEmu-Prefix.pch";
				GCC_WARN_64_TO_32_BIT_CONVERSION = YES;
				GCC_WARN_ABOUT_RETURN_TYPE = YES;
				GCC_WARN_UNINITIALIZED_AUTOS = YES;
				GCC_WARN_UNUSED_VARIABLE = YES;
				INFOPLIST_FILE = "WabbitEmu/WabbitEmu-Info.plist";
				MACOSX_DEPLOYMENT_TARGET = 10.7;
				PRODUCT_NAME = "$(TARGET_NAME)";
				SDKROOT = macosx;
				WRAPPER_EXTENSION = app;
			};
			name = Release;
		};
		79968C9F1608DB4600F139BC /* Debug */ = {
			isa = XCBuildConfiguration;
			buildSettings = {
			};
			name = Debug;
		};
		79968CA01608DB4600F139BC /* Release */ = {
			isa = XCBuildConfiguration;
			buildSettings = {
			};
			name = Release;
		};
		79968CC51608DB7A00F139BC /* Debug */ = {
			isa = XCBuildConfiguration;
			buildSettings = {
				ALWAYS_SEARCH_USER_PATHS = NO;
				ARCHS = "$(ARCHS_STANDARD_64_BIT)";
				CLANG_CXX_LANGUAGE_STANDARD = "gnu++0x";
				CLANG_ENABLE_OBJC_ARC = YES;
				CLANG_WARN__DUPLICATE_METHOD_MATCH = YES;
				COMBINE_HIDPI_IMAGES = YES;
				COPY_PHASE_STRIP = NO;
				GCC_C_LANGUAGE_STANDARD = gnu99;
				GCC_DYNAMIC_NO_PIC = NO;
				GCC_ENABLE_OBJC_EXCEPTIONS = YES;
				GCC_OPTIMIZATION_LEVEL = 0;
				GCC_PRECOMPILE_PREFIX_HEADER = YES;
				GCC_PREFIX_HEADER = "WabbitCode/WabbitCode-Prefix.pch";
				GCC_PREPROCESSOR_DEFINITIONS = (
					"DEBUG=1",
					"$(inherited)",
				);
				GCC_SYMBOLS_PRIVATE_EXTERN = NO;
				GCC_WARN_64_TO_32_BIT_CONVERSION = YES;
				GCC_WARN_ABOUT_RETURN_TYPE = YES;
				GCC_WARN_UNINITIALIZED_AUTOS = YES;
				GCC_WARN_UNUSED_VARIABLE = YES;
				INFOPLIST_FILE = "WabbitCode/WabbitCode-Info.plist";
				MACOSX_DEPLOYMENT_TARGET = 10.7;
				ONLY_ACTIVE_ARCH = YES;
				PRODUCT_NAME = "$(TARGET_NAME)";
				SDKROOT = macosx;
				WRAPPER_EXTENSION = app;
			};
			name = Debug;
		};
		79968CC61608DB7A00F139BC /* Release */ = {
			isa = XCBuildConfiguration;
			buildSettings = {
				ALWAYS_SEARCH_USER_PATHS = NO;
				ARCHS = "$(ARCHS_STANDARD_64_BIT)";
				CLANG_CXX_LANGUAGE_STANDARD = "gnu++0x";
				CLANG_ENABLE_OBJC_ARC = YES;
				CLANG_WARN__DUPLICATE_METHOD_MATCH = YES;
				COMBINE_HIDPI_IMAGES = YES;
				COPY_PHASE_STRIP = YES;
				DEBUG_INFORMATION_FORMAT = "dwarf-with-dsym";
				GCC_C_LANGUAGE_STANDARD = gnu99;
				GCC_ENABLE_OBJC_EXCEPTIONS = YES;
				GCC_PRECOMPILE_PREFIX_HEADER = YES;
				GCC_PREFIX_HEADER = "WabbitCode/WabbitCode-Prefix.pch";
				GCC_WARN_64_TO_32_BIT_CONVERSION = YES;
				GCC_WARN_ABOUT_RETURN_TYPE = YES;
				GCC_WARN_UNINITIALIZED_AUTOS = YES;
				GCC_WARN_UNUSED_VARIABLE = YES;
				INFOPLIST_FILE = "WabbitCode/WabbitCode-Info.plist";
				MACOSX_DEPLOYMENT_TARGET = 10.7;
				PRODUCT_NAME = "$(TARGET_NAME)";
				SDKROOT = macosx;
				WRAPPER_EXTENSION = app;
			};
			name = Release;
		};
/* End XCBuildConfiguration section */

/* Begin XCConfigurationList section */
		7962BDE316215195006D5A7A /* Build configuration list for PBXNativeTarget "WabbitEmu" */ = {
			isa = XCConfigurationList;
			buildConfigurations = (
				7962BDE416215195006D5A7A /* Debug */,
				7962BDE516215195006D5A7A /* Release */,
			);
			defaultConfigurationIsVisible = 0;
			defaultConfigurationName = Release;
		};
		79968C9D1608DB4600F139BC /* Build configuration list for PBXProject "WabbitStudio" */ = {
			isa = XCConfigurationList;
			buildConfigurations = (
				79968C9F1608DB4600F139BC /* Debug */,
				79968CA01608DB4600F139BC /* Release */,
			);
			defaultConfigurationIsVisible = 0;
			defaultConfigurationName = Release;
		};
		79968CC41608DB7A00F139BC /* Build configuration list for PBXNativeTarget "WabbitCode" */ = {
			isa = XCConfigurationList;
			buildConfigurations = (
				79968CC51608DB7A00F139BC /* Debug */,
				79968CC61608DB7A00F139BC /* Release */,
			);
			defaultConfigurationIsVisible = 0;
			defaultConfigurationName = Release;
		};
/* End XCConfigurationList section */

/* Begin XCVersionGroup section */
		7903F1B6160E5FB5000D3F3D /* Symbols.xcdatamodeld */ = {
			isa = XCVersionGroup;
			children = (
				7903F1B7160E5FB5000D3F3D /* Symbols.xcdatamodel */,
			);
			currentVersion = 7903F1B7160E5FB5000D3F3D /* Symbols.xcdatamodel */;
			path = Symbols.xcdatamodeld;
			sourceTree = "<group>";
			versionGroupType = wrapper.xcdatamodel;
		};
		795936671616384B0085355E /* Folds.xcdatamodeld */ = {
			isa = XCVersionGroup;
			children = (
				795936681616384B0085355E /* Folds.xcdatamodel */,
			);
			currentVersion = 795936681616384B0085355E /* Folds.xcdatamodel */;
			path = Folds.xcdatamodeld;
			sourceTree = "<group>";
			versionGroupType = wrapper.xcdatamodel;
		};
		79A87C23161DF3BA00C1A568 /* Completions.xcdatamodeld */ = {
			isa = XCVersionGroup;
			children = (
				79A87C24161DF3BA00C1A568 /* Completions.xcdatamodel */,
			);
			currentVersion = 79A87C24161DF3BA00C1A568 /* Completions.xcdatamodel */;
			path = Completions.xcdatamodeld;
			sourceTree = "<group>";
			versionGroupType = wrapper.xcdatamodel;
		};
		79DE43441638C09E003D56EA /* Projects.xcdatamodeld */ = {
			isa = XCVersionGroup;
			children = (
				79DE43451638C09E003D56EA /* Projects.xcdatamodel */,
			);
			currentVersion = 79DE43451638C09E003D56EA /* Projects.xcdatamodel */;
			path = Projects.xcdatamodeld;
			sourceTree = "<group>";
			versionGroupType = wrapper.xcdatamodel;
		};
		79FE36ED161A416500DB7C6D /* Bookmarks.xcdatamodeld */ = {
			isa = XCVersionGroup;
			children = (
				79FE36EE161A416500DB7C6D /* Bookmarks.xcdatamodel */,
			);
			currentVersion = 79FE36EE161A416500DB7C6D /* Bookmarks.xcdatamodel */;
			path = Bookmarks.xcdatamodeld;
			sourceTree = "<group>";
			versionGroupType = wrapper.xcdatamodel;
		};
/* End XCVersionGroup section */
	};
	rootObject = 79968C9A1608DB4600F139BC /* Project object */;
}
