// !$*UTF8*$!
{
	archiveVersion = 1;
	classes = {
	};
	objectVersion = 46;
	objects = {

/* Begin PBXBuildFile section */
		79129113160AB1C200ADFAB5 /* NSParagraphStyle+WCExtensions.m in Sources */ = {isa = PBXBuildFile; fileRef = 79129112160AB1C200ADFAB5 /* NSParagraphStyle+WCExtensions.m */; };
		79968CAA1608DB7A00F139BC /* Cocoa.framework in Frameworks */ = {isa = PBXBuildFile; fileRef = 79968CA91608DB7A00F139BC /* Cocoa.framework */; };
		79968CB41608DB7A00F139BC /* InfoPlist.strings in Resources */ = {isa = PBXBuildFile; fileRef = 79968CB21608DB7A00F139BC /* InfoPlist.strings */; };
		79968CB61608DB7A00F139BC /* main.m in Sources */ = {isa = PBXBuildFile; fileRef = 79968CB51608DB7A00F139BC /* main.m */; };
		79968CBA1608DB7A00F139BC /* Credits.rtf in Resources */ = {isa = PBXBuildFile; fileRef = 79968CB81608DB7A00F139BC /* Credits.rtf */; };
		79968CBD1608DB7A00F139BC /* WCSourceFileDocument.m in Sources */ = {isa = PBXBuildFile; fileRef = 79968CBC1608DB7A00F139BC /* WCSourceFileDocument.m */; };
		79968CC01608DB7A00F139BC /* WCSourceFileDocument.xib in Resources */ = {isa = PBXBuildFile; fileRef = 79968CBE1608DB7A00F139BC /* WCSourceFileDocument.xib */; };
		79968CC31608DB7A00F139BC /* WCMainMenu.xib in Resources */ = {isa = PBXBuildFile; fileRef = 79968CC11608DB7A00F139BC /* WCMainMenu.xib */; };
		79968CCE1608E05F00F139BC /* WCAppDelegate.m in Sources */ = {isa = PBXBuildFile; fileRef = 79968CCD1608E05F00F139BC /* WCAppDelegate.m */; };
		79968CD71608E91100F139BC /* WCLineNumberView.m in Sources */ = {isa = PBXBuildFile; fileRef = 79968CD61608E91100F139BC /* WCLineNumberView.m */; };
		79968CDC1608E97400F139BC /* NSColor+WCExtensions.m in Sources */ = {isa = PBXBuildFile; fileRef = 79968CDB1608E97400F139BC /* NSColor+WCExtensions.m */; };
		79968CEF1608FB6500F139BC /* NSArray+WCExtensions.m in Sources */ = {isa = PBXBuildFile; fileRef = 79968CEE1608FB6500F139BC /* NSArray+WCExtensions.m */; };
/* End PBXBuildFile section */

/* Begin PBXFileReference section */
		79129111160AB1C200ADFAB5 /* NSParagraphStyle+WCExtensions.h */ = {isa = PBXFileReference; fileEncoding = 4; lastKnownFileType = sourcecode.c.h; path = "NSParagraphStyle+WCExtensions.h"; sourceTree = "<group>"; };
		79129112160AB1C200ADFAB5 /* NSParagraphStyle+WCExtensions.m */ = {isa = PBXFileReference; fileEncoding = 4; lastKnownFileType = sourcecode.c.objc; path = "NSParagraphStyle+WCExtensions.m"; sourceTree = "<group>"; };
		79968CA51608DB7A00F139BC /* WabbitCode.app */ = {isa = PBXFileReference; explicitFileType = wrapper.application; includeInIndex = 0; path = WabbitCode.app; sourceTree = BUILT_PRODUCTS_DIR; };
		79968CA91608DB7A00F139BC /* Cocoa.framework */ = {isa = PBXFileReference; lastKnownFileType = wrapper.framework; name = Cocoa.framework; path = System/Library/Frameworks/Cocoa.framework; sourceTree = SDKROOT; };
		79968CAC1608DB7A00F139BC /* AppKit.framework */ = {isa = PBXFileReference; lastKnownFileType = wrapper.framework; name = AppKit.framework; path = System/Library/Frameworks/AppKit.framework; sourceTree = SDKROOT; };
		79968CAD1608DB7A00F139BC /* CoreData.framework */ = {isa = PBXFileReference; lastKnownFileType = wrapper.framework; name = CoreData.framework; path = System/Library/Frameworks/CoreData.framework; sourceTree = SDKROOT; };
		79968CAE1608DB7A00F139BC /* Foundation.framework */ = {isa = PBXFileReference; lastKnownFileType = wrapper.framework; name = Foundation.framework; path = System/Library/Frameworks/Foundation.framework; sourceTree = SDKROOT; };
		79968CB11608DB7A00F139BC /* WabbitCode-Info.plist */ = {isa = PBXFileReference; lastKnownFileType = text.plist.xml; path = "WabbitCode-Info.plist"; sourceTree = "<group>"; };
		79968CB31608DB7A00F139BC /* en */ = {isa = PBXFileReference; lastKnownFileType = text.plist.strings; name = en; path = en.lproj/InfoPlist.strings; sourceTree = "<group>"; };
		79968CB51608DB7A00F139BC /* main.m */ = {isa = PBXFileReference; lastKnownFileType = sourcecode.c.objc; path = main.m; sourceTree = "<group>"; };
		79968CB71608DB7A00F139BC /* WabbitCode-Prefix.pch */ = {isa = PBXFileReference; lastKnownFileType = sourcecode.c.h; path = "WabbitCode-Prefix.pch"; sourceTree = "<group>"; };
		79968CB91608DB7A00F139BC /* en */ = {isa = PBXFileReference; lastKnownFileType = text.rtf; name = en; path = en.lproj/Credits.rtf; sourceTree = "<group>"; };
		79968CBB1608DB7A00F139BC /* WCSourceFileDocument.h */ = {isa = PBXFileReference; lastKnownFileType = sourcecode.c.h; path = WCSourceFileDocument.h; sourceTree = "<group>"; };
		79968CBC1608DB7A00F139BC /* WCSourceFileDocument.m */ = {isa = PBXFileReference; lastKnownFileType = sourcecode.c.objc; path = WCSourceFileDocument.m; sourceTree = "<group>"; };
		79968CBF1608DB7A00F139BC /* en */ = {isa = PBXFileReference; lastKnownFileType = file.xib; name = en; path = en.lproj/WCSourceFileDocument.xib; sourceTree = "<group>"; };
		79968CC21608DB7A00F139BC /* en */ = {isa = PBXFileReference; lastKnownFileType = file.xib; name = en; path = en.lproj/WCMainMenu.xib; sourceTree = "<group>"; };
		79968CCC1608E05F00F139BC /* WCAppDelegate.h */ = {isa = PBXFileReference; fileEncoding = 4; lastKnownFileType = sourcecode.c.h; path = WCAppDelegate.h; sourceTree = "<group>"; };
		79968CCD1608E05F00F139BC /* WCAppDelegate.m */ = {isa = PBXFileReference; fileEncoding = 4; lastKnownFileType = sourcecode.c.objc; path = WCAppDelegate.m; sourceTree = "<group>"; };
		79968CD51608E91100F139BC /* WCLineNumberView.h */ = {isa = PBXFileReference; fileEncoding = 4; lastKnownFileType = sourcecode.c.h; path = WCLineNumberView.h; sourceTree = "<group>"; };
		79968CD61608E91100F139BC /* WCLineNumberView.m */ = {isa = PBXFileReference; fileEncoding = 4; lastKnownFileType = sourcecode.c.objc; path = WCLineNumberView.m; sourceTree = "<group>"; };
		79968CDA1608E97400F139BC /* NSColor+WCExtensions.h */ = {isa = PBXFileReference; fileEncoding = 4; lastKnownFileType = sourcecode.c.h; path = "NSColor+WCExtensions.h"; sourceTree = "<group>"; };
		79968CDB1608E97400F139BC /* NSColor+WCExtensions.m */ = {isa = PBXFileReference; fileEncoding = 4; lastKnownFileType = sourcecode.c.objc; path = "NSColor+WCExtensions.m"; sourceTree = "<group>"; };
		79968CED1608FB6500F139BC /* NSArray+WCExtensions.h */ = {isa = PBXFileReference; fileEncoding = 4; lastKnownFileType = sourcecode.c.h; path = "NSArray+WCExtensions.h"; sourceTree = "<group>"; };
		79968CEE1608FB6500F139BC /* NSArray+WCExtensions.m */ = {isa = PBXFileReference; fileEncoding = 4; lastKnownFileType = sourcecode.c.objc; path = "NSArray+WCExtensions.m"; sourceTree = "<group>"; };
/* End PBXFileReference section */

/* Begin PBXFrameworksBuildPhase section */
		79968CA21608DB7A00F139BC /* Frameworks */ = {
			isa = PBXFrameworksBuildPhase;
			buildActionMask = 2147483647;
			files = (
				79968CAA1608DB7A00F139BC /* Cocoa.framework in Frameworks */,
			);
			runOnlyForDeploymentPostprocessing = 0;
		};
/* End PBXFrameworksBuildPhase section */

/* Begin PBXGroup section */
		79968C981608DB4600F139BC = {
			isa = PBXGroup;
			children = (
				79968CAF1608DB7A00F139BC /* WabbitCode */,
				79968CA81608DB7A00F139BC /* Frameworks */,
				79968CA61608DB7A00F139BC /* Products */,
			);
			sourceTree = "<group>";
		};
		79968CA61608DB7A00F139BC /* Products */ = {
			isa = PBXGroup;
			children = (
				79968CA51608DB7A00F139BC /* WabbitCode.app */,
			);
			name = Products;
			sourceTree = "<group>";
		};
		79968CA81608DB7A00F139BC /* Frameworks */ = {
			isa = PBXGroup;
			children = (
				79968CA91608DB7A00F139BC /* Cocoa.framework */,
				79968CAB1608DB7A00F139BC /* Other Frameworks */,
			);
			name = Frameworks;
			sourceTree = "<group>";
		};
		79968CAB1608DB7A00F139BC /* Other Frameworks */ = {
			isa = PBXGroup;
			children = (
				79968CAC1608DB7A00F139BC /* AppKit.framework */,
				79968CAD1608DB7A00F139BC /* CoreData.framework */,
				79968CAE1608DB7A00F139BC /* Foundation.framework */,
			);
			name = "Other Frameworks";
			sourceTree = "<group>";
		};
		79968CAF1608DB7A00F139BC /* WabbitCode */ = {
			isa = PBXGroup;
			children = (
				79968CD91608E96100F139BC /* Categories */,
				79968CCF1608E06900F139BC /* Classes */,
				79968CD01608E07500F139BC /* Xibs */,
				79968CB01608DB7A00F139BC /* Supporting Files */,
			);
			path = WabbitCode;
			sourceTree = "<group>";
		};
		79968CB01608DB7A00F139BC /* Supporting Files */ = {
			isa = PBXGroup;
			children = (
				79968CB11608DB7A00F139BC /* WabbitCode-Info.plist */,
				79968CB21608DB7A00F139BC /* InfoPlist.strings */,
				79968CB51608DB7A00F139BC /* main.m */,
				79968CB71608DB7A00F139BC /* WabbitCode-Prefix.pch */,
				79968CB81608DB7A00F139BC /* Credits.rtf */,
			);
			name = "Supporting Files";
			sourceTree = "<group>";
		};
		79968CCF1608E06900F139BC /* Classes */ = {
			isa = PBXGroup;
			children = (
				79968CBB1608DB7A00F139BC /* WCSourceFileDocument.h */,
				79968CBC1608DB7A00F139BC /* WCSourceFileDocument.m */,
				79968CD51608E91100F139BC /* WCLineNumberView.h */,
				79968CD61608E91100F139BC /* WCLineNumberView.m */,
				79968CCC1608E05F00F139BC /* WCAppDelegate.h */,
				79968CCD1608E05F00F139BC /* WCAppDelegate.m */,
			);
			name = Classes;
			sourceTree = "<group>";
		};
		79968CD01608E07500F139BC /* Xibs */ = {
			isa = PBXGroup;
			children = (
				79968CBE1608DB7A00F139BC /* WCSourceFileDocument.xib */,
				79968CC11608DB7A00F139BC /* WCMainMenu.xib */,
			);
			name = Xibs;
			sourceTree = "<group>";
		};
		79968CD91608E96100F139BC /* Categories */ = {
			isa = PBXGroup;
			children = (
				79968CDA1608E97400F139BC /* NSColor+WCExtensions.h */,
				79968CDB1608E97400F139BC /* NSColor+WCExtensions.m */,
				79968CED1608FB6500F139BC /* NSArray+WCExtensions.h */,
				79968CEE1608FB6500F139BC /* NSArray+WCExtensions.m */,
				79129111160AB1C200ADFAB5 /* NSParagraphStyle+WCExtensions.h */,
				79129112160AB1C200ADFAB5 /* NSParagraphStyle+WCExtensions.m */,
			);
			name = Categories;
			sourceTree = "<group>";
		};
/* End PBXGroup section */

/* Begin PBXNativeTarget section */
		79968CA41608DB7A00F139BC /* WabbitCode */ = {
			isa = PBXNativeTarget;
			buildConfigurationList = 79968CC41608DB7A00F139BC /* Build configuration list for PBXNativeTarget "WabbitCode" */;
			buildPhases = (
				79968CA11608DB7A00F139BC /* Sources */,
				79968CA21608DB7A00F139BC /* Frameworks */,
				79968CA31608DB7A00F139BC /* Resources */,
			);
			buildRules = (
			);
			dependencies = (
			);
			name = WabbitCode;
			productName = WabbitCode;
			productReference = 79968CA51608DB7A00F139BC /* WabbitCode.app */;
			productType = "com.apple.product-type.application";
		};
/* End PBXNativeTarget section */

/* Begin PBXProject section */
		79968C9A1608DB4600F139BC /* Project object */ = {
			isa = PBXProject;
			attributes = {
				LastUpgradeCheck = 0440;
				ORGANIZATIONNAME = "William Towe";
			};
			buildConfigurationList = 79968C9D1608DB4600F139BC /* Build configuration list for PBXProject "WabbitStudio" */;
			compatibilityVersion = "Xcode 3.2";
			developmentRegion = English;
			hasScannedForEncodings = 0;
			knownRegions = (
				en,
			);
			mainGroup = 79968C981608DB4600F139BC;
			productRefGroup = 79968CA61608DB7A00F139BC /* Products */;
			projectDirPath = "";
			projectRoot = "";
			targets = (
				79968CA41608DB7A00F139BC /* WabbitCode */,
			);
		};
/* End PBXProject section */

/* Begin PBXResourcesBuildPhase section */
		79968CA31608DB7A00F139BC /* Resources */ = {
			isa = PBXResourcesBuildPhase;
			buildActionMask = 2147483647;
			files = (
				79968CB41608DB7A00F139BC /* InfoPlist.strings in Resources */,
				79968CBA1608DB7A00F139BC /* Credits.rtf in Resources */,
				79968CC01608DB7A00F139BC /* WCSourceFileDocument.xib in Resources */,
				79968CC31608DB7A00F139BC /* WCMainMenu.xib in Resources */,
			);
			runOnlyForDeploymentPostprocessing = 0;
		};
/* End PBXResourcesBuildPhase section */

/* Begin PBXSourcesBuildPhase section */
		79968CA11608DB7A00F139BC /* Sources */ = {
			isa = PBXSourcesBuildPhase;
			buildActionMask = 2147483647;
			files = (
				79968CB61608DB7A00F139BC /* main.m in Sources */,
				79968CBD1608DB7A00F139BC /* WCSourceFileDocument.m in Sources */,
				79968CCE1608E05F00F139BC /* WCAppDelegate.m in Sources */,
				79968CD71608E91100F139BC /* WCLineNumberView.m in Sources */,
				79968CDC1608E97400F139BC /* NSColor+WCExtensions.m in Sources */,
				79968CEF1608FB6500F139BC /* NSArray+WCExtensions.m in Sources */,
				79129113160AB1C200ADFAB5 /* NSParagraphStyle+WCExtensions.m in Sources */,
			);
			runOnlyForDeploymentPostprocessing = 0;
		};
/* End PBXSourcesBuildPhase section */

/* Begin PBXVariantGroup section */
		79968CB21608DB7A00F139BC /* InfoPlist.strings */ = {
			isa = PBXVariantGroup;
			children = (
				79968CB31608DB7A00F139BC /* en */,
			);
			name = InfoPlist.strings;
			sourceTree = "<group>";
		};
		79968CB81608DB7A00F139BC /* Credits.rtf */ = {
			isa = PBXVariantGroup;
			children = (
				79968CB91608DB7A00F139BC /* en */,
			);
			name = Credits.rtf;
			sourceTree = "<group>";
		};
		79968CBE1608DB7A00F139BC /* WCSourceFileDocument.xib */ = {
			isa = PBXVariantGroup;
			children = (
				79968CBF1608DB7A00F139BC /* en */,
			);
			name = WCSourceFileDocument.xib;
			sourceTree = "<group>";
		};
		79968CC11608DB7A00F139BC /* WCMainMenu.xib */ = {
			isa = PBXVariantGroup;
			children = (
				79968CC21608DB7A00F139BC /* en */,
			);
			name = WCMainMenu.xib;
			sourceTree = "<group>";
		};
/* End PBXVariantGroup section */

/* Begin XCBuildConfiguration section */
		79968C9F1608DB4600F139BC /* Debug */ = {
			isa = XCBuildConfiguration;
			buildSettings = {
			};
			name = Debug;
		};
		79968CA01608DB4600F139BC /* Release */ = {
			isa = XCBuildConfiguration;
			buildSettings = {
			};
			name = Release;
		};
		79968CC51608DB7A00F139BC /* Debug */ = {
			isa = XCBuildConfiguration;
			buildSettings = {
				ALWAYS_SEARCH_USER_PATHS = NO;
				ARCHS = "$(ARCHS_STANDARD_64_BIT)";
				CLANG_CXX_LANGUAGE_STANDARD = "gnu++0x";
				CLANG_ENABLE_OBJC_ARC = YES;
				CLANG_WARN__DUPLICATE_METHOD_MATCH = YES;
				COMBINE_HIDPI_IMAGES = YES;
				COPY_PHASE_STRIP = NO;
				GCC_C_LANGUAGE_STANDARD = gnu99;
				GCC_DYNAMIC_NO_PIC = NO;
				GCC_ENABLE_OBJC_EXCEPTIONS = YES;
				GCC_OPTIMIZATION_LEVEL = 0;
				GCC_PRECOMPILE_PREFIX_HEADER = YES;
				GCC_PREFIX_HEADER = "WabbitCode/WabbitCode-Prefix.pch";
				GCC_PREPROCESSOR_DEFINITIONS = (
					"DEBUG=1",
					"$(inherited)",
				);
				GCC_SYMBOLS_PRIVATE_EXTERN = NO;
				GCC_WARN_64_TO_32_BIT_CONVERSION = YES;
				GCC_WARN_ABOUT_RETURN_TYPE = YES;
				GCC_WARN_UNINITIALIZED_AUTOS = YES;
				GCC_WARN_UNUSED_VARIABLE = YES;
				INFOPLIST_FILE = "WabbitCode/WabbitCode-Info.plist";
				MACOSX_DEPLOYMENT_TARGET = 10.7;
				ONLY_ACTIVE_ARCH = YES;
				PRODUCT_NAME = "$(TARGET_NAME)";
				SDKROOT = macosx;
				WRAPPER_EXTENSION = app;
			};
			name = Debug;
		};
		79968CC61608DB7A00F139BC /* Release */ = {
			isa = XCBuildConfiguration;
			buildSettings = {
				ALWAYS_SEARCH_USER_PATHS = NO;
				ARCHS = "$(ARCHS_STANDARD_64_BIT)";
				CLANG_CXX_LANGUAGE_STANDARD = "gnu++0x";
				CLANG_ENABLE_OBJC_ARC = YES;
				CLANG_WARN__DUPLICATE_METHOD_MATCH = YES;
				COMBINE_HIDPI_IMAGES = YES;
				COPY_PHASE_STRIP = YES;
				DEBUG_INFORMATION_FORMAT = "dwarf-with-dsym";
				GCC_C_LANGUAGE_STANDARD = gnu99;
				GCC_ENABLE_OBJC_EXCEPTIONS = YES;
				GCC_PRECOMPILE_PREFIX_HEADER = YES;
				GCC_PREFIX_HEADER = "WabbitCode/WabbitCode-Prefix.pch";
				GCC_WARN_64_TO_32_BIT_CONVERSION = YES;
				GCC_WARN_ABOUT_RETURN_TYPE = YES;
				GCC_WARN_UNINITIALIZED_AUTOS = YES;
				GCC_WARN_UNUSED_VARIABLE = YES;
				INFOPLIST_FILE = "WabbitCode/WabbitCode-Info.plist";
				MACOSX_DEPLOYMENT_TARGET = 10.7;
				PRODUCT_NAME = "$(TARGET_NAME)";
				SDKROOT = macosx;
				WRAPPER_EXTENSION = app;
			};
			name = Release;
		};
/* End XCBuildConfiguration section */

/* Begin XCConfigurationList section */
		79968C9D1608DB4600F139BC /* Build configuration list for PBXProject "WabbitStudio" */ = {
			isa = XCConfigurationList;
			buildConfigurations = (
				79968C9F1608DB4600F139BC /* Debug */,
				79968CA01608DB4600F139BC /* Release */,
			);
			defaultConfigurationIsVisible = 0;
			defaultConfigurationName = Release;
		};
		79968CC41608DB7A00F139BC /* Build configuration list for PBXNativeTarget "WabbitCode" */ = {
			isa = XCConfigurationList;
			buildConfigurations = (
				79968CC51608DB7A00F139BC /* Debug */,
				79968CC61608DB7A00F139BC /* Release */,
			);
			defaultConfigurationIsVisible = 0;
			defaultConfigurationName = Release;
		};
/* End XCConfigurationList section */
	};
	rootObject = 79968C9A1608DB4600F139BC /* Project object */;
}
